// !$*UTF8*$!
{
	archiveVersion = 1;
	classes = {
	};
	objectVersion = 48;
	objects = {

/* Begin PBXBuildFile section */
		53778418D7E5BF3B198BAAE4 /* Pods_PartnerUITests.framework in Frameworks */ = {isa = PBXBuildFile; fileRef = 5EFCB1C477A17AA50E9FE560 /* Pods_PartnerUITests.framework */; };
		93A2197792B5860862374D6B /* Pods_PartnerTests.framework in Frameworks */ = {isa = PBXBuildFile; fileRef = AE2C0C49A3694DDBF725D999 /* Pods_PartnerTests.framework */; };
		B641021D2015D7D3001C8787 /* SkillViewController.swift in Sources */ = {isa = PBXBuildFile; fileRef = B641021C2015D7D3001C8787 /* SkillViewController.swift */; };
		B65517E6200C4932007799BC /* InformationDetailVC.swift in Sources */ = {isa = PBXBuildFile; fileRef = B65517E5200C4932007799BC /* InformationDetailVC.swift */; };
		B65517E8200C512A007799BC /* Extension+UIViewController.swift in Sources */ = {isa = PBXBuildFile; fileRef = B65517E7200C506A007799BC /* Extension+UIViewController.swift */; };
		B65517EA200C800E007799BC /* InterestedVC.swift in Sources */ = {isa = PBXBuildFile; fileRef = B65517E9200C800E007799BC /* InterestedVC.swift */; };
		B678C9982021C82F007FEB83 /* Assets.xcassets in Resources */ = {isa = PBXBuildFile; fileRef = B6843E3820216B5E00B86A3F /* Assets.xcassets */; };
		B678C99A2021E065007FEB83 /* UnionNetWorkTool.swift in Sources */ = {isa = PBXBuildFile; fileRef = B678C9992021E065007FEB83 /* UnionNetWorkTool.swift */; };
		B678C99C2021E967007FEB83 /* UnionListModel.swift in Sources */ = {isa = PBXBuildFile; fileRef = B678C99B2021E967007FEB83 /* UnionListModel.swift */; };
		B680342B1FFCD5D700FE4BF6 /* WelcomeLoginVC.swift in Sources */ = {isa = PBXBuildFile; fileRef = B680342A1FFCD5D700FE4BF6 /* WelcomeLoginVC.swift */; };
		B6843E372020223A00B86A3F /* UnionMainVC.swift in Sources */ = {isa = PBXBuildFile; fileRef = B6843E362020223A00B86A3F /* UnionMainVC.swift */; };
		B6843E3A202173FD00B86A3F /* MomentMainVC.swift in Sources */ = {isa = PBXBuildFile; fileRef = B6843E39202173FD00B86A3F /* MomentMainVC.swift */; };
		B6843E3D202192C700B86A3F /* StatusViewModel.swift in Sources */ = {isa = PBXBuildFile; fileRef = B6843E3C202192C700B86A3F /* StatusViewModel.swift */; };
		B6843E40202195C800B86A3F /* StatusViewCell.swift in Sources */ = {isa = PBXBuildFile; fileRef = B6843E3F202195C800B86A3F /* StatusViewCell.swift */; };
		B6843E422021999D00B86A3F /* PicCollectionView.swift in Sources */ = {isa = PBXBuildFile; fileRef = B6843E412021999D00B86A3F /* PicCollectionView.swift */; };
		B690A7962003652D00AAA051 /* ChooseIdentityVC.swift in Sources */ = {isa = PBXBuildFile; fileRef = B690A7952003652D00AAA051 /* ChooseIdentityVC.swift */; };
		B6A34318201C645300C7D5F5 /* communityModel.swift in Sources */ = {isa = PBXBuildFile; fileRef = B6A34317201C645300C7D5F5 /* communityModel.swift */; };
		B6B9A5352024354D00AC24EB /* CriclePicktrueView.swift in Sources */ = {isa = PBXBuildFile; fileRef = B6B9A5342024354D00AC24EB /* CriclePicktrueView.swift */; };
		B6B9A53A20243CC900AC24EB /* CricleViewController.swift in Sources */ = {isa = PBXBuildFile; fileRef = B6B9A53920243CC900AC24EB /* CricleViewController.swift */; };
		B6C27D072019AF200087FF17 /* ForgetPwdVC.swift in Sources */ = {isa = PBXBuildFile; fileRef = B6C27D062019AF200087FF17 /* ForgetPwdVC.swift */; };
		B6E1FAFD20286D8000BB2B4E /* StatusPushVC.swift in Sources */ = {isa = PBXBuildFile; fileRef = B6E1FAFC20286D7F00BB2B4E /* StatusPushVC.swift */; };
		B6E1FB01202871BD00BB2B4E /* PickImageCollectionView.swift in Sources */ = {isa = PBXBuildFile; fileRef = B6E1FB00202871BD00BB2B4E /* PickImageCollectionView.swift */; };
		B6EF1D33201EC911000479F8 /* TageModel.swift in Sources */ = {isa = PBXBuildFile; fileRef = B6EF1D32201EC911000479F8 /* TageModel.swift */; };
		B6EF1D35201F3697000479F8 /* AddTagBtnVC.swift in Sources */ = {isa = PBXBuildFile; fileRef = B6EF1D34201F3697000479F8 /* AddTagBtnVC.swift */; };
		B6EF1D3A201F5D8D000479F8 /* RegisterAndLoginVC.swift in Sources */ = {isa = PBXBuildFile; fileRef = B6EF1D39201F5D8C000479F8 /* RegisterAndLoginVC.swift */; };
		B6EF1D3C201F5FD3000479F8 /* CooperativedemandVC.swift in Sources */ = {isa = PBXBuildFile; fileRef = B6EF1D3B201F5FD3000479F8 /* CooperativedemandVC.swift */; };
		D3034646201ECE93007A37A5 /* MyProjectEditViewController.swift in Sources */ = {isa = PBXBuildFile; fileRef = D3034645201ECE93007A37A5 /* MyProjectEditViewController.swift */; };
		D3034648201ECFD1007A37A5 /* ProjectEditHeaderTableViewCell.swift in Sources */ = {isa = PBXBuildFile; fileRef = D3034647201ECFD1007A37A5 /* ProjectEditHeaderTableViewCell.swift */; };
		D303464A201ECFFE007A37A5 /* ProjectEditMembersBriefTableViewCell.swift in Sources */ = {isa = PBXBuildFile; fileRef = D3034649201ECFFE007A37A5 /* ProjectEditMembersBriefTableViewCell.swift */; };
		D303464E201EF07B007A37A5 /* ProjectEditIntroductionTableViewCell.swift in Sources */ = {isa = PBXBuildFile; fileRef = D303464D201EF07B007A37A5 /* ProjectEditIntroductionTableViewCell.swift */; };
		D33EA6772011D27200745003 /* Extension+UIView.swift in Sources */ = {isa = PBXBuildFile; fileRef = D33EA6762011D27200745003 /* Extension+UIView.swift */; };
		D33EA67A2011D29200745003 /* CFFlowButtonView.swift in Sources */ = {isa = PBXBuildFile; fileRef = D33EA6792011D29200745003 /* CFFlowButtonView.swift */; };
		D33EA67C2011D68700745003 /* HomeViewController.swift in Sources */ = {isa = PBXBuildFile; fileRef = D33EA67B2011D68700745003 /* HomeViewController.swift */; };
		D34712502011F0CF003E098E /* CustomTimePickerView.swift in Sources */ = {isa = PBXBuildFile; fileRef = D347124F2011F0CF003E098E /* CustomTimePickerView.swift */; };
		D34712512011F289003E098E /* CustomTimePickerView.xib in Resources */ = {isa = PBXBuildFile; fileRef = D347124E2011F0BA003E098E /* CustomTimePickerView.xib */; };
		D347125520120085003E098E /* ProfileTableViewHeaderCell.swift in Sources */ = {isa = PBXBuildFile; fileRef = D347125320120085003E098E /* ProfileTableViewHeaderCell.swift */; };
		D347125D201202A0003E098E /* ProfileHobbiesSelectorTableViewBodyCell.swift in Sources */ = {isa = PBXBuildFile; fileRef = D347125B201202A0003E098E /* ProfileHobbiesSelectorTableViewBodyCell.swift */; };
		D34712612012057A003E098E /* ProfileSkillsSelectorTableViewBodyCell.swift in Sources */ = {isa = PBXBuildFile; fileRef = D347125F2012057A003E098E /* ProfileSkillsSelectorTableViewBodyCell.swift */; };
		D347126520120685003E098E /* ProfileTextInputTableViewBodyCell.swift in Sources */ = {isa = PBXBuildFile; fileRef = D347126320120685003E098E /* ProfileTextInputTableViewBodyCell.swift */; };
		D347126820120943003E098E /* ProfileEditInfomationViewController.swift in Sources */ = {isa = PBXBuildFile; fileRef = D347126720120943003E098E /* ProfileEditInfomationViewController.swift */; };
		D355001620240163008D04A8 /* AspectImageViewController.swift in Sources */ = {isa = PBXBuildFile; fileRef = D355001520240163008D04A8 /* AspectImageViewController.swift */; };
		D35F5655200EE35E00149861 /* ProfileSettingsViewController.swift in Sources */ = {isa = PBXBuildFile; fileRef = D35F5654200EE35E00149861 /* ProfileSettingsViewController.swift */; };
		D35F5658200EE97200149861 /* ModifyPasswordViewController.swift in Sources */ = {isa = PBXBuildFile; fileRef = D35F5657200EE97200149861 /* ModifyPasswordViewController.swift */; };
		D35F565A200EF3AC00149861 /* FeedbackViewController.swift in Sources */ = {isa = PBXBuildFile; fileRef = D35F5659200EF3AC00149861 /* FeedbackViewController.swift */; };
		D378FE9F1FF0D21600065EEC /* AppDelegate.swift in Sources */ = {isa = PBXBuildFile; fileRef = D378FE9E1FF0D21600065EEC /* AppDelegate.swift */; };
		D378FEA41FF0D21600065EEC /* Main.storyboard in Resources */ = {isa = PBXBuildFile; fileRef = D378FEA21FF0D21600065EEC /* Main.storyboard */; };
		D378FEA91FF0D21600065EEC /* LaunchScreen.storyboard in Resources */ = {isa = PBXBuildFile; fileRef = D378FEA71FF0D21600065EEC /* LaunchScreen.storyboard */; };
		D378FEB41FF0D21600065EEC /* PartnerTests.swift in Sources */ = {isa = PBXBuildFile; fileRef = D378FEB31FF0D21600065EEC /* PartnerTests.swift */; };
		D378FEBF1FF0D21600065EEC /* PartnerUITests.swift in Sources */ = {isa = PBXBuildFile; fileRef = D378FEBE1FF0D21600065EEC /* PartnerUITests.swift */; };
		D378FED41FF0D3D900065EEC /* Login.storyboard in Resources */ = {isa = PBXBuildFile; fileRef = D378FED31FF0D3D900065EEC /* Login.storyboard */; };
		D378FEE11FF0D60800065EEC /* Home.storyboard in Resources */ = {isa = PBXBuildFile; fileRef = D378FEE01FF0D60800065EEC /* Home.storyboard */; };
		D378FEF21FF0E36600065EEC /* NetworkTools.swift in Sources */ = {isa = PBXBuildFile; fileRef = D378FEF11FF0E36500065EEC /* NetworkTools.swift */; };
		D378FEF91FF0E75A00065EEC /* Union.storyboard in Resources */ = {isa = PBXBuildFile; fileRef = D378FEF81FF0E75A00065EEC /* Union.storyboard */; };
		D378FEFE1FF0E80600065EEC /* Service.storyboard in Resources */ = {isa = PBXBuildFile; fileRef = D378FEFD1FF0E80600065EEC /* Service.storyboard */; };
		D378FF1C1FF0EADB00065EEC /* Profile.storyboard in Resources */ = {isa = PBXBuildFile; fileRef = D378FF1B1FF0EADB00065EEC /* Profile.storyboard */; };
		D378FF221FF0EBF100065EEC /* Shopping.storyboard in Resources */ = {isa = PBXBuildFile; fileRef = D378FF211FF0EBF100065EEC /* Shopping.storyboard */; };
		D39A4F32200D985700022A76 /* SystemConstantValue.swift in Sources */ = {isa = PBXBuildFile; fileRef = D39A4F31200D984C00022A76 /* SystemConstantValue.swift */; };
		D39A4F36200D98AF00022A76 /* Extension+String.swift in Sources */ = {isa = PBXBuildFile; fileRef = D39A4F33200D98AE00022A76 /* Extension+String.swift */; };
		D39A4F37200D98AF00022A76 /* Extension+Colors.swift in Sources */ = {isa = PBXBuildFile; fileRef = D39A4F34200D98AE00022A76 /* Extension+Colors.swift */; };
		D39A4F3B200DA58200022A76 /* ProfileViewController.swift in Sources */ = {isa = PBXBuildFile; fileRef = D39A4F3A200DA58200022A76 /* ProfileViewController.swift */; };
		D39F14DE201EF68E003F3BC5 /* ProjectEditMarketAnalysisTableViewCell.swift in Sources */ = {isa = PBXBuildFile; fileRef = D39F14DD201EF68E003F3BC5 /* ProjectEditMarketAnalysisTableViewCell.swift */; };
		D39F14E0201EF69A003F3BC5 /* ProjectEditRunStatusTableViewCell.swift in Sources */ = {isa = PBXBuildFile; fileRef = D39F14DF201EF69A003F3BC5 /* ProjectEditRunStatusTableViewCell.swift */; };
		D39F14E2201EF6B3003F3BC5 /* ProjectEditFundingNeedTableViewCell.swift in Sources */ = {isa = PBXBuildFile; fileRef = D39F14E1201EF6B3003F3BC5 /* ProjectEditFundingNeedTableViewCell.swift */; };
		D39F14E4201EF754003F3BC5 /* ProjectEditBusinessPlanBookTableViewCell.swift in Sources */ = {isa = PBXBuildFile; fileRef = D39F14E3201EF754003F3BC5 /* ProjectEditBusinessPlanBookTableViewCell.swift */; };
		D39F14E6201EF772003F3BC5 /* ProjectEditConfirmButtonTableViewCell.swift in Sources */ = {isa = PBXBuildFile; fileRef = D39F14E5201EF772003F3BC5 /* ProjectEditConfirmButtonTableViewCell.swift */; };
		D39F8C32201F0C5C00A40AC1 /* MyProjectEditTeamMembersViewController.swift in Sources */ = {isa = PBXBuildFile; fileRef = D39F8C31201F0C5C00A40AC1 /* MyProjectEditTeamMembersViewController.swift */; };
		D39F8C34201F0C8400A40AC1 /* MyProjectEditAddTeamMembersViewController.swift in Sources */ = {isa = PBXBuildFile; fileRef = D39F8C33201F0C8400A40AC1 /* MyProjectEditAddTeamMembersViewController.swift */; };
		D39F8C36201F0C9F00A40AC1 /* MyProjectEditProjectIntroductionViewController.swift in Sources */ = {isa = PBXBuildFile; fileRef = D39F8C35201F0C9F00A40AC1 /* MyProjectEditProjectIntroductionViewController.swift */; };
		D39F8C38201F0CB100A40AC1 /* MyProjectEditMarketAnalysisViewController.swift in Sources */ = {isa = PBXBuildFile; fileRef = D39F8C37201F0CB100A40AC1 /* MyProjectEditMarketAnalysisViewController.swift */; };
		D39F8C3A201F0CC900A40AC1 /* MyProjectEditRunStatusViewController.swift in Sources */ = {isa = PBXBuildFile; fileRef = D39F8C39201F0CC900A40AC1 /* MyProjectEditRunStatusViewController.swift */; };
		D39F8C3C201F0CFB00A40AC1 /* MyProjectEditFundingNeedViewController.swift in Sources */ = {isa = PBXBuildFile; fileRef = D39F8C3B201F0CFB00A40AC1 /* MyProjectEditFundingNeedViewController.swift */; };
		D39F8C3E201F0D1100A40AC1 /* MyProjectEditSettingsViewController.swift in Sources */ = {isa = PBXBuildFile; fileRef = D39F8C3D201F0D1100A40AC1 /* MyProjectEditSettingsViewController.swift */; };
		D3A827E7201096C40053ADBF /* PartnerPickerView.swift in Sources */ = {isa = PBXBuildFile; fileRef = D3A827E6201096C40053ADBF /* PartnerPickerView.swift */; };
		D3A827E9201096CD0053ADBF /* PartnerPickerView.xib in Resources */ = {isa = PBXBuildFile; fileRef = D3A827E8201096CD0053ADBF /* PartnerPickerView.xib */; };
		D3B6ADC7201F40F800A7B961 /* Designable+UIView.swift in Sources */ = {isa = PBXBuildFile; fileRef = D3B6ADC6201F40F800A7B961 /* Designable+UIView.swift */; };
		D3B6ADC9201F410100A7B961 /* Designable+UIButton.swift in Sources */ = {isa = PBXBuildFile; fileRef = D3B6ADC8201F410100A7B961 /* Designable+UIButton.swift */; };
		D3B6ADCB201F410B00A7B961 /* Designable+UILabel.swift in Sources */ = {isa = PBXBuildFile; fileRef = D3B6ADCA201F410B00A7B961 /* Designable+UILabel.swift */; };
		D3B8B8F020107BB500EDD145 /* VisitorsReservationViewController.swift in Sources */ = {isa = PBXBuildFile; fileRef = D3B8B8EF20107BB500EDD145 /* VisitorsReservationViewController.swift */; };
		D3B8E5C3201AF1CB002F3A3A /* MyProjectViewController.swift in Sources */ = {isa = PBXBuildFile; fileRef = D3B8E5C2201AF1CB002F3A3A /* MyProjectViewController.swift */; };
		D3B8E5C6201AF285002F3A3A /* SingleProjectTableViewCell.swift in Sources */ = {isa = PBXBuildFile; fileRef = D3B8E5C5201AF285002F3A3A /* SingleProjectTableViewCell.swift */; };
		D3B8E5C8201AFC04002F3A3A /* IntentionProjectViewController.swift in Sources */ = {isa = PBXBuildFile; fileRef = D3B8E5C7201AFC04002F3A3A /* IntentionProjectViewController.swift */; };
		D3B8E5CA201AFCEC002F3A3A /* IntentionProjectTableViewCell.swift in Sources */ = {isa = PBXBuildFile; fileRef = D3B8E5C9201AFCEC002F3A3A /* IntentionProjectTableViewCell.swift */; };
		D3BCE69E2019D44A00097DDA /* InputDetialViewController.swift in Sources */ = {isa = PBXBuildFile; fileRef = D3BCE69D2019D44A00097DDA /* InputDetialViewController.swift */; };
		D3BFC9B72019BC5000D2C6BD /* ProfileEditChooseAvatarTableViewCell.swift in Sources */ = {isa = PBXBuildFile; fileRef = D3BFC9B62019BC5000D2C6BD /* ProfileEditChooseAvatarTableViewCell.swift */; };
		D3BFC9BA2019C1F400D2C6BD /* MyProjectNoneProjectPlaceholderViewController.swift in Sources */ = {isa = PBXBuildFile; fileRef = D3BFC9B92019C1F400D2C6BD /* MyProjectNoneProjectPlaceholderViewController.swift */; };
		D3BFC9BC2019C8A600D2C6BD /* MyProjectEditAndCreateViewController.swift in Sources */ = {isa = PBXBuildFile; fileRef = D3BFC9BB2019C8A600D2C6BD /* MyProjectEditAndCreateViewController.swift */; };
		D3CAC8732021EFCD0072064C /* ServiceMainViewController.swift in Sources */ = {isa = PBXBuildFile; fileRef = D3CAC8722021EFCD0072064C /* ServiceMainViewController.swift */; };
		D3E0D81D2021F8C300DCBCF4 /* Designable+UIImageView.swift in Sources */ = {isa = PBXBuildFile; fileRef = D3E0D81C2021F8C300DCBCF4 /* Designable+UIImageView.swift */; };
		D3E78EB42021912F0006C31F /* KeyboardBackgroundCoverView.swift in Sources */ = {isa = PBXBuildFile; fileRef = D3E78EB32021912F0006C31F /* KeyboardBackgroundCoverView.swift */; };
		FAB80F2A666DD7ADE1ECD37F /* Pods_Partner.framework in Frameworks */ = {isa = PBXBuildFile; fileRef = 6D0678DD77F6C00CB0C07AE3 /* Pods_Partner.framework */; };
/* End PBXBuildFile section */

/* Begin PBXContainerItemProxy section */
		D378FEB01FF0D21600065EEC /* PBXContainerItemProxy */ = {
			isa = PBXContainerItemProxy;
			containerPortal = D378FE931FF0D21600065EEC /* Project object */;
			proxyType = 1;
			remoteGlobalIDString = D378FE9A1FF0D21600065EEC;
			remoteInfo = Partner;
		};
		D378FEBB1FF0D21600065EEC /* PBXContainerItemProxy */ = {
			isa = PBXContainerItemProxy;
			containerPortal = D378FE931FF0D21600065EEC /* Project object */;
			proxyType = 1;
			remoteGlobalIDString = D378FE9A1FF0D21600065EEC;
			remoteInfo = Partner;
		};
/* End PBXContainerItemProxy section */

/* Begin PBXFileReference section */
		172AC59E61123A8F751E23DB /* Pods-Partner.debug.xcconfig */ = {isa = PBXFileReference; includeInIndex = 1; lastKnownFileType = text.xcconfig; name = "Pods-Partner.debug.xcconfig"; path = "Pods/Target Support Files/Pods-Partner/Pods-Partner.debug.xcconfig"; sourceTree = "<group>"; };
		2E04E32645370430D88F1860 /* Pods-Partner.release.xcconfig */ = {isa = PBXFileReference; includeInIndex = 1; lastKnownFileType = text.xcconfig; name = "Pods-Partner.release.xcconfig"; path = "Pods/Target Support Files/Pods-Partner/Pods-Partner.release.xcconfig"; sourceTree = "<group>"; };
		4244745640517A4639E1AAAB /* Pods-PartnerUITests.release.xcconfig */ = {isa = PBXFileReference; includeInIndex = 1; lastKnownFileType = text.xcconfig; name = "Pods-PartnerUITests.release.xcconfig"; path = "Pods/Target Support Files/Pods-PartnerUITests/Pods-PartnerUITests.release.xcconfig"; sourceTree = "<group>"; };
		5EFCB1C477A17AA50E9FE560 /* Pods_PartnerUITests.framework */ = {isa = PBXFileReference; explicitFileType = wrapper.framework; includeInIndex = 0; path = Pods_PartnerUITests.framework; sourceTree = BUILT_PRODUCTS_DIR; };
		651730BEE68B4A46A60D9F22 /* Pods-PartnerTests.debug.xcconfig */ = {isa = PBXFileReference; includeInIndex = 1; lastKnownFileType = text.xcconfig; name = "Pods-PartnerTests.debug.xcconfig"; path = "Pods/Target Support Files/Pods-PartnerTests/Pods-PartnerTests.debug.xcconfig"; sourceTree = "<group>"; };
		6D0678DD77F6C00CB0C07AE3 /* Pods_Partner.framework */ = {isa = PBXFileReference; explicitFileType = wrapper.framework; includeInIndex = 0; path = Pods_Partner.framework; sourceTree = BUILT_PRODUCTS_DIR; };
		9032E3D99C1574E7CE07F113 /* Pods-PartnerTests.release.xcconfig */ = {isa = PBXFileReference; includeInIndex = 1; lastKnownFileType = text.xcconfig; name = "Pods-PartnerTests.release.xcconfig"; path = "Pods/Target Support Files/Pods-PartnerTests/Pods-PartnerTests.release.xcconfig"; sourceTree = "<group>"; };
		AE2C0C49A3694DDBF725D999 /* Pods_PartnerTests.framework */ = {isa = PBXFileReference; explicitFileType = wrapper.framework; includeInIndex = 0; path = Pods_PartnerTests.framework; sourceTree = BUILT_PRODUCTS_DIR; };
		B641021C2015D7D3001C8787 /* SkillViewController.swift */ = {isa = PBXFileReference; lastKnownFileType = sourcecode.swift; path = SkillViewController.swift; sourceTree = "<group>"; };
		B641021E2016D2E2001C8787 /* NoticeBar.framework */ = {isa = PBXFileReference; lastKnownFileType = wrapper.framework; name = NoticeBar.framework; path = Carthage/Build/iOS/NoticeBar.framework; sourceTree = "<group>"; };
		B65517E5200C4932007799BC /* InformationDetailVC.swift */ = {isa = PBXFileReference; lastKnownFileType = sourcecode.swift; path = InformationDetailVC.swift; sourceTree = "<group>"; };
		B65517E7200C506A007799BC /* Extension+UIViewController.swift */ = {isa = PBXFileReference; lastKnownFileType = sourcecode.swift; path = "Extension+UIViewController.swift"; sourceTree = "<group>"; };
		B65517E9200C800E007799BC /* InterestedVC.swift */ = {isa = PBXFileReference; lastKnownFileType = sourcecode.swift; path = InterestedVC.swift; sourceTree = "<group>"; };
		B678C9992021E065007FEB83 /* UnionNetWorkTool.swift */ = {isa = PBXFileReference; lastKnownFileType = sourcecode.swift; path = UnionNetWorkTool.swift; sourceTree = "<group>"; };
		B678C99B2021E967007FEB83 /* UnionListModel.swift */ = {isa = PBXFileReference; lastKnownFileType = sourcecode.swift; path = UnionListModel.swift; sourceTree = "<group>"; };
		B680342A1FFCD5D700FE4BF6 /* WelcomeLoginVC.swift */ = {isa = PBXFileReference; lastKnownFileType = sourcecode.swift; path = WelcomeLoginVC.swift; sourceTree = "<group>"; };
		B6843E362020223A00B86A3F /* UnionMainVC.swift */ = {isa = PBXFileReference; lastKnownFileType = sourcecode.swift; path = UnionMainVC.swift; sourceTree = "<group>"; };
		B6843E3820216B5E00B86A3F /* Assets.xcassets */ = {isa = PBXFileReference; lastKnownFileType = folder.assetcatalog; path = Assets.xcassets; sourceTree = "<group>"; };
		B6843E39202173FD00B86A3F /* MomentMainVC.swift */ = {isa = PBXFileReference; lastKnownFileType = sourcecode.swift; path = MomentMainVC.swift; sourceTree = "<group>"; };
		B6843E3C202192C700B86A3F /* StatusViewModel.swift */ = {isa = PBXFileReference; lastKnownFileType = sourcecode.swift; path = StatusViewModel.swift; sourceTree = "<group>"; };
		B6843E3F202195C800B86A3F /* StatusViewCell.swift */ = {isa = PBXFileReference; lastKnownFileType = sourcecode.swift; path = StatusViewCell.swift; sourceTree = "<group>"; };
		B6843E412021999D00B86A3F /* PicCollectionView.swift */ = {isa = PBXFileReference; lastKnownFileType = sourcecode.swift; path = PicCollectionView.swift; sourceTree = "<group>"; };
		B690A7952003652D00AAA051 /* ChooseIdentityVC.swift */ = {isa = PBXFileReference; lastKnownFileType = sourcecode.swift; path = ChooseIdentityVC.swift; sourceTree = "<group>"; };
		B6A34317201C645300C7D5F5 /* communityModel.swift */ = {isa = PBXFileReference; lastKnownFileType = sourcecode.swift; name = communityModel.swift; path = Partner/Login/Welcome/communityModel.swift; sourceTree = SOURCE_ROOT; };
		B6B9A5342024354D00AC24EB /* CriclePicktrueView.swift */ = {isa = PBXFileReference; lastKnownFileType = sourcecode.swift; path = CriclePicktrueView.swift; sourceTree = "<group>"; };
		B6B9A53920243CC900AC24EB /* CricleViewController.swift */ = {isa = PBXFileReference; lastKnownFileType = sourcecode.swift; path = CricleViewController.swift; sourceTree = "<group>"; };
		B6C27D062019AF200087FF17 /* ForgetPwdVC.swift */ = {isa = PBXFileReference; lastKnownFileType = sourcecode.swift; path = ForgetPwdVC.swift; sourceTree = "<group>"; };
		B6E1FAFC20286D7F00BB2B4E /* StatusPushVC.swift */ = {isa = PBXFileReference; lastKnownFileType = sourcecode.swift; path = StatusPushVC.swift; sourceTree = "<group>"; };
		B6E1FB00202871BD00BB2B4E /* PickImageCollectionView.swift */ = {isa = PBXFileReference; lastKnownFileType = sourcecode.swift; path = PickImageCollectionView.swift; sourceTree = "<group>"; };
		B6EF1D32201EC911000479F8 /* TageModel.swift */ = {isa = PBXFileReference; lastKnownFileType = sourcecode.swift; name = TageModel.swift; path = Partner/Login/Welcome/TageModel.swift; sourceTree = SOURCE_ROOT; };
		B6EF1D34201F3697000479F8 /* AddTagBtnVC.swift */ = {isa = PBXFileReference; lastKnownFileType = sourcecode.swift; path = AddTagBtnVC.swift; sourceTree = "<group>"; };
		B6EF1D39201F5D8C000479F8 /* RegisterAndLoginVC.swift */ = {isa = PBXFileReference; lastKnownFileType = sourcecode.swift; path = RegisterAndLoginVC.swift; sourceTree = "<group>"; };
		B6EF1D3B201F5FD3000479F8 /* CooperativedemandVC.swift */ = {isa = PBXFileReference; lastKnownFileType = sourcecode.swift; path = CooperativedemandVC.swift; sourceTree = "<group>"; };
		D3034645201ECE93007A37A5 /* MyProjectEditViewController.swift */ = {isa = PBXFileReference; lastKnownFileType = sourcecode.swift; path = MyProjectEditViewController.swift; sourceTree = "<group>"; };
		D3034647201ECFD1007A37A5 /* ProjectEditHeaderTableViewCell.swift */ = {isa = PBXFileReference; lastKnownFileType = sourcecode.swift; path = ProjectEditHeaderTableViewCell.swift; sourceTree = "<group>"; };
		D3034649201ECFFE007A37A5 /* ProjectEditMembersBriefTableViewCell.swift */ = {isa = PBXFileReference; lastKnownFileType = sourcecode.swift; path = ProjectEditMembersBriefTableViewCell.swift; sourceTree = "<group>"; };
		D303464D201EF07B007A37A5 /* ProjectEditIntroductionTableViewCell.swift */ = {isa = PBXFileReference; lastKnownFileType = sourcecode.swift; path = ProjectEditIntroductionTableViewCell.swift; sourceTree = "<group>"; };
		D33EA6762011D27200745003 /* Extension+UIView.swift */ = {isa = PBXFileReference; fileEncoding = 4; lastKnownFileType = sourcecode.swift; path = "Extension+UIView.swift"; sourceTree = "<group>"; };
		D33EA6792011D29200745003 /* CFFlowButtonView.swift */ = {isa = PBXFileReference; fileEncoding = 4; lastKnownFileType = sourcecode.swift; path = CFFlowButtonView.swift; sourceTree = "<group>"; };
		D33EA67B2011D68700745003 /* HomeViewController.swift */ = {isa = PBXFileReference; lastKnownFileType = sourcecode.swift; path = HomeViewController.swift; sourceTree = "<group>"; };
		D347124E2011F0BA003E098E /* CustomTimePickerView.xib */ = {isa = PBXFileReference; lastKnownFileType = file.xib; path = CustomTimePickerView.xib; sourceTree = "<group>"; };
		D347124F2011F0CF003E098E /* CustomTimePickerView.swift */ = {isa = PBXFileReference; lastKnownFileType = sourcecode.swift; path = CustomTimePickerView.swift; sourceTree = "<group>"; };
		D347125320120085003E098E /* ProfileTableViewHeaderCell.swift */ = {isa = PBXFileReference; lastKnownFileType = sourcecode.swift; path = ProfileTableViewHeaderCell.swift; sourceTree = "<group>"; };
		D347125B201202A0003E098E /* ProfileHobbiesSelectorTableViewBodyCell.swift */ = {isa = PBXFileReference; lastKnownFileType = sourcecode.swift; path = ProfileHobbiesSelectorTableViewBodyCell.swift; sourceTree = "<group>"; };
		D347125F2012057A003E098E /* ProfileSkillsSelectorTableViewBodyCell.swift */ = {isa = PBXFileReference; lastKnownFileType = sourcecode.swift; path = ProfileSkillsSelectorTableViewBodyCell.swift; sourceTree = "<group>"; };
		D347126320120685003E098E /* ProfileTextInputTableViewBodyCell.swift */ = {isa = PBXFileReference; lastKnownFileType = sourcecode.swift; path = ProfileTextInputTableViewBodyCell.swift; sourceTree = "<group>"; };
		D347126720120943003E098E /* ProfileEditInfomationViewController.swift */ = {isa = PBXFileReference; lastKnownFileType = sourcecode.swift; path = ProfileEditInfomationViewController.swift; sourceTree = "<group>"; };
		D355001520240163008D04A8 /* AspectImageViewController.swift */ = {isa = PBXFileReference; lastKnownFileType = sourcecode.swift; path = AspectImageViewController.swift; sourceTree = "<group>"; };
		D35F5654200EE35E00149861 /* ProfileSettingsViewController.swift */ = {isa = PBXFileReference; lastKnownFileType = sourcecode.swift; path = ProfileSettingsViewController.swift; sourceTree = "<group>"; };
		D35F5657200EE97200149861 /* ModifyPasswordViewController.swift */ = {isa = PBXFileReference; lastKnownFileType = sourcecode.swift; path = ModifyPasswordViewController.swift; sourceTree = "<group>"; };
		D35F5659200EF3AC00149861 /* FeedbackViewController.swift */ = {isa = PBXFileReference; lastKnownFileType = sourcecode.swift; path = FeedbackViewController.swift; sourceTree = "<group>"; };
		D378FE9B1FF0D21600065EEC /* Partner.app */ = {isa = PBXFileReference; explicitFileType = wrapper.application; includeInIndex = 0; path = Partner.app; sourceTree = BUILT_PRODUCTS_DIR; };
		D378FE9E1FF0D21600065EEC /* AppDelegate.swift */ = {isa = PBXFileReference; lastKnownFileType = sourcecode.swift; path = AppDelegate.swift; sourceTree = "<group>"; };
		D378FEA31FF0D21600065EEC /* Base */ = {isa = PBXFileReference; lastKnownFileType = file.storyboard; name = Base; path = Base.lproj/Main.storyboard; sourceTree = "<group>"; };
		D378FEA81FF0D21600065EEC /* Base */ = {isa = PBXFileReference; lastKnownFileType = file.storyboard; name = Base; path = Base.lproj/LaunchScreen.storyboard; sourceTree = "<group>"; };
		D378FEAA1FF0D21600065EEC /* Info.plist */ = {isa = PBXFileReference; lastKnownFileType = text.plist.xml; path = Info.plist; sourceTree = "<group>"; };
		D378FEAF1FF0D21600065EEC /* PartnerTests.xctest */ = {isa = PBXFileReference; explicitFileType = wrapper.cfbundle; includeInIndex = 0; path = PartnerTests.xctest; sourceTree = BUILT_PRODUCTS_DIR; };
		D378FEB31FF0D21600065EEC /* PartnerTests.swift */ = {isa = PBXFileReference; lastKnownFileType = sourcecode.swift; path = PartnerTests.swift; sourceTree = "<group>"; };
		D378FEB51FF0D21600065EEC /* Info.plist */ = {isa = PBXFileReference; lastKnownFileType = text.plist.xml; path = Info.plist; sourceTree = "<group>"; };
		D378FEBA1FF0D21600065EEC /* PartnerUITests.xctest */ = {isa = PBXFileReference; explicitFileType = wrapper.cfbundle; includeInIndex = 0; path = PartnerUITests.xctest; sourceTree = BUILT_PRODUCTS_DIR; };
		D378FEBE1FF0D21600065EEC /* PartnerUITests.swift */ = {isa = PBXFileReference; lastKnownFileType = sourcecode.swift; path = PartnerUITests.swift; sourceTree = "<group>"; };
		D378FEC01FF0D21600065EEC /* Info.plist */ = {isa = PBXFileReference; lastKnownFileType = text.plist.xml; path = Info.plist; sourceTree = "<group>"; };
		D378FED31FF0D3D900065EEC /* Login.storyboard */ = {isa = PBXFileReference; lastKnownFileType = file.storyboard; path = Login.storyboard; sourceTree = "<group>"; };
		D378FEE01FF0D60800065EEC /* Home.storyboard */ = {isa = PBXFileReference; lastKnownFileType = file.storyboard; path = Home.storyboard; sourceTree = "<group>"; };
		D378FEF11FF0E36500065EEC /* NetworkTools.swift */ = {isa = PBXFileReference; fileEncoding = 4; lastKnownFileType = sourcecode.swift; path = NetworkTools.swift; sourceTree = "<group>"; };
		D378FEF81FF0E75A00065EEC /* Union.storyboard */ = {isa = PBXFileReference; lastKnownFileType = file.storyboard; path = Union.storyboard; sourceTree = "<group>"; };
		D378FEFD1FF0E80600065EEC /* Service.storyboard */ = {isa = PBXFileReference; lastKnownFileType = file.storyboard; path = Service.storyboard; sourceTree = "<group>"; };
		D378FF1B1FF0EADB00065EEC /* Profile.storyboard */ = {isa = PBXFileReference; lastKnownFileType = file.storyboard; path = Profile.storyboard; sourceTree = "<group>"; };
		D378FF211FF0EBF100065EEC /* Shopping.storyboard */ = {isa = PBXFileReference; lastKnownFileType = file.storyboard; path = Shopping.storyboard; sourceTree = "<group>"; };
		D37AE8E3202064B700B32E4D /* Partner-Bridging-Header.h */ = {isa = PBXFileReference; lastKnownFileType = sourcecode.c.h; path = "Partner-Bridging-Header.h"; sourceTree = "<group>"; };
		D39A4F31200D984C00022A76 /* SystemConstantValue.swift */ = {isa = PBXFileReference; lastKnownFileType = sourcecode.swift; path = SystemConstantValue.swift; sourceTree = "<group>"; };
		D39A4F33200D98AE00022A76 /* Extension+String.swift */ = {isa = PBXFileReference; lastKnownFileType = sourcecode.swift; path = "Extension+String.swift"; sourceTree = "<group>"; };
		D39A4F34200D98AE00022A76 /* Extension+Colors.swift */ = {isa = PBXFileReference; lastKnownFileType = sourcecode.swift; path = "Extension+Colors.swift"; sourceTree = "<group>"; };
		D39A4F3A200DA58200022A76 /* ProfileViewController.swift */ = {isa = PBXFileReference; lastKnownFileType = sourcecode.swift; path = ProfileViewController.swift; sourceTree = "<group>"; };
		D39F14DD201EF68E003F3BC5 /* ProjectEditMarketAnalysisTableViewCell.swift */ = {isa = PBXFileReference; lastKnownFileType = sourcecode.swift; path = ProjectEditMarketAnalysisTableViewCell.swift; sourceTree = "<group>"; };
		D39F14DF201EF69A003F3BC5 /* ProjectEditRunStatusTableViewCell.swift */ = {isa = PBXFileReference; lastKnownFileType = sourcecode.swift; path = ProjectEditRunStatusTableViewCell.swift; sourceTree = "<group>"; };
		D39F14E1201EF6B3003F3BC5 /* ProjectEditFundingNeedTableViewCell.swift */ = {isa = PBXFileReference; lastKnownFileType = sourcecode.swift; path = ProjectEditFundingNeedTableViewCell.swift; sourceTree = "<group>"; };
		D39F14E3201EF754003F3BC5 /* ProjectEditBusinessPlanBookTableViewCell.swift */ = {isa = PBXFileReference; lastKnownFileType = sourcecode.swift; path = ProjectEditBusinessPlanBookTableViewCell.swift; sourceTree = "<group>"; };
		D39F14E5201EF772003F3BC5 /* ProjectEditConfirmButtonTableViewCell.swift */ = {isa = PBXFileReference; lastKnownFileType = sourcecode.swift; path = ProjectEditConfirmButtonTableViewCell.swift; sourceTree = "<group>"; };
		D39F8C31201F0C5C00A40AC1 /* MyProjectEditTeamMembersViewController.swift */ = {isa = PBXFileReference; lastKnownFileType = sourcecode.swift; path = MyProjectEditTeamMembersViewController.swift; sourceTree = "<group>"; };
		D39F8C33201F0C8400A40AC1 /* MyProjectEditAddTeamMembersViewController.swift */ = {isa = PBXFileReference; lastKnownFileType = sourcecode.swift; path = MyProjectEditAddTeamMembersViewController.swift; sourceTree = "<group>"; };
		D39F8C35201F0C9F00A40AC1 /* MyProjectEditProjectIntroductionViewController.swift */ = {isa = PBXFileReference; lastKnownFileType = sourcecode.swift; path = MyProjectEditProjectIntroductionViewController.swift; sourceTree = "<group>"; };
		D39F8C37201F0CB100A40AC1 /* MyProjectEditMarketAnalysisViewController.swift */ = {isa = PBXFileReference; lastKnownFileType = sourcecode.swift; path = MyProjectEditMarketAnalysisViewController.swift; sourceTree = "<group>"; };
		D39F8C39201F0CC900A40AC1 /* MyProjectEditRunStatusViewController.swift */ = {isa = PBXFileReference; lastKnownFileType = sourcecode.swift; path = MyProjectEditRunStatusViewController.swift; sourceTree = "<group>"; };
		D39F8C3B201F0CFB00A40AC1 /* MyProjectEditFundingNeedViewController.swift */ = {isa = PBXFileReference; lastKnownFileType = sourcecode.swift; path = MyProjectEditFundingNeedViewController.swift; sourceTree = "<group>"; };
		D39F8C3D201F0D1100A40AC1 /* MyProjectEditSettingsViewController.swift */ = {isa = PBXFileReference; lastKnownFileType = sourcecode.swift; path = MyProjectEditSettingsViewController.swift; sourceTree = "<group>"; };
		D3A827E6201096C40053ADBF /* PartnerPickerView.swift */ = {isa = PBXFileReference; lastKnownFileType = sourcecode.swift; path = PartnerPickerView.swift; sourceTree = "<group>"; };
		D3A827E8201096CD0053ADBF /* PartnerPickerView.xib */ = {isa = PBXFileReference; lastKnownFileType = file.xib; path = PartnerPickerView.xib; sourceTree = "<group>"; };
		D3B6ADC6201F40F800A7B961 /* Designable+UIView.swift */ = {isa = PBXFileReference; lastKnownFileType = sourcecode.swift; path = "Designable+UIView.swift"; sourceTree = "<group>"; };
		D3B6ADC8201F410100A7B961 /* Designable+UIButton.swift */ = {isa = PBXFileReference; lastKnownFileType = sourcecode.swift; path = "Designable+UIButton.swift"; sourceTree = "<group>"; };
		D3B6ADCA201F410B00A7B961 /* Designable+UILabel.swift */ = {isa = PBXFileReference; lastKnownFileType = sourcecode.swift; path = "Designable+UILabel.swift"; sourceTree = "<group>"; };
		D3B8B8EF20107BB500EDD145 /* VisitorsReservationViewController.swift */ = {isa = PBXFileReference; lastKnownFileType = sourcecode.swift; path = VisitorsReservationViewController.swift; sourceTree = "<group>"; };
		D3B8E5C2201AF1CB002F3A3A /* MyProjectViewController.swift */ = {isa = PBXFileReference; lastKnownFileType = sourcecode.swift; path = MyProjectViewController.swift; sourceTree = "<group>"; };
		D3B8E5C5201AF285002F3A3A /* SingleProjectTableViewCell.swift */ = {isa = PBXFileReference; lastKnownFileType = sourcecode.swift; path = SingleProjectTableViewCell.swift; sourceTree = "<group>"; };
		D3B8E5C7201AFC04002F3A3A /* IntentionProjectViewController.swift */ = {isa = PBXFileReference; lastKnownFileType = sourcecode.swift; path = IntentionProjectViewController.swift; sourceTree = "<group>"; };
		D3B8E5C9201AFCEC002F3A3A /* IntentionProjectTableViewCell.swift */ = {isa = PBXFileReference; lastKnownFileType = sourcecode.swift; path = IntentionProjectTableViewCell.swift; sourceTree = "<group>"; };
		D3BCE69D2019D44A00097DDA /* InputDetialViewController.swift */ = {isa = PBXFileReference; lastKnownFileType = sourcecode.swift; path = InputDetialViewController.swift; sourceTree = "<group>"; };
		D3BFC9B62019BC5000D2C6BD /* ProfileEditChooseAvatarTableViewCell.swift */ = {isa = PBXFileReference; lastKnownFileType = sourcecode.swift; path = ProfileEditChooseAvatarTableViewCell.swift; sourceTree = "<group>"; };
		D3BFC9B92019C1F400D2C6BD /* MyProjectNoneProjectPlaceholderViewController.swift */ = {isa = PBXFileReference; lastKnownFileType = sourcecode.swift; path = MyProjectNoneProjectPlaceholderViewController.swift; sourceTree = "<group>"; };
		D3BFC9BB2019C8A600D2C6BD /* MyProjectEditAndCreateViewController.swift */ = {isa = PBXFileReference; lastKnownFileType = sourcecode.swift; path = MyProjectEditAndCreateViewController.swift; sourceTree = "<group>"; };
		D3CAC8722021EFCD0072064C /* ServiceMainViewController.swift */ = {isa = PBXFileReference; lastKnownFileType = sourcecode.swift; path = ServiceMainViewController.swift; sourceTree = "<group>"; };
		D3E0D81C2021F8C300DCBCF4 /* Designable+UIImageView.swift */ = {isa = PBXFileReference; lastKnownFileType = sourcecode.swift; path = "Designable+UIImageView.swift"; sourceTree = "<group>"; };
		D3E78EB32021912F0006C31F /* KeyboardBackgroundCoverView.swift */ = {isa = PBXFileReference; lastKnownFileType = sourcecode.swift; path = KeyboardBackgroundCoverView.swift; sourceTree = "<group>"; };
		E46FEA25ACD4641F4CCFD97B /* Pods-PartnerUITests.debug.xcconfig */ = {isa = PBXFileReference; includeInIndex = 1; lastKnownFileType = text.xcconfig; name = "Pods-PartnerUITests.debug.xcconfig"; path = "Pods/Target Support Files/Pods-PartnerUITests/Pods-PartnerUITests.debug.xcconfig"; sourceTree = "<group>"; };
/* End PBXFileReference section */

/* Begin PBXFrameworksBuildPhase section */
		D378FE981FF0D21600065EEC /* Frameworks */ = {
			isa = PBXFrameworksBuildPhase;
			buildActionMask = 2147483647;
			files = (
				FAB80F2A666DD7ADE1ECD37F /* Pods_Partner.framework in Frameworks */,
			);
			runOnlyForDeploymentPostprocessing = 0;
		};
		D378FEAC1FF0D21600065EEC /* Frameworks */ = {
			isa = PBXFrameworksBuildPhase;
			buildActionMask = 2147483647;
			files = (
				93A2197792B5860862374D6B /* Pods_PartnerTests.framework in Frameworks */,
			);
			runOnlyForDeploymentPostprocessing = 0;
		};
		D378FEB71FF0D21600065EEC /* Frameworks */ = {
			isa = PBXFrameworksBuildPhase;
			buildActionMask = 2147483647;
			files = (
				53778418D7E5BF3B198BAAE4 /* Pods_PartnerUITests.framework in Frameworks */,
			);
			runOnlyForDeploymentPostprocessing = 0;
		};
/* End PBXFrameworksBuildPhase section */

/* Begin PBXGroup section */
		5D13C0210F69F8269245E27A /* Frameworks */ = {
			isa = PBXGroup;
			children = (
				B641021E2016D2E2001C8787 /* NoticeBar.framework */,
				6D0678DD77F6C00CB0C07AE3 /* Pods_Partner.framework */,
				AE2C0C49A3694DDBF725D999 /* Pods_PartnerTests.framework */,
				5EFCB1C477A17AA50E9FE560 /* Pods_PartnerUITests.framework */,
			);
			name = Frameworks;
			sourceTree = "<group>";
		};
		6B12F48BD77C766FF17B24FD /* Pods */ = {
			isa = PBXGroup;
			children = (
				172AC59E61123A8F751E23DB /* Pods-Partner.debug.xcconfig */,
				2E04E32645370430D88F1860 /* Pods-Partner.release.xcconfig */,
				651730BEE68B4A46A60D9F22 /* Pods-PartnerTests.debug.xcconfig */,
				9032E3D99C1574E7CE07F113 /* Pods-PartnerTests.release.xcconfig */,
				E46FEA25ACD4641F4CCFD97B /* Pods-PartnerUITests.debug.xcconfig */,
				4244745640517A4639E1AAAB /* Pods-PartnerUITests.release.xcconfig */,
			);
			name = Pods;
			sourceTree = "<group>";
		};
		B6843E3320201E3A00B86A3F /* Moments */ = {
			isa = PBXGroup;
			children = (
				B6B4295420287B2200B7F3E5 /* Controller */,
				B6843E3E202195A300B86A3F /* View */,
				B6843E3B2021929E00B86A3F /* Model */,
			);
			path = Moments;
			sourceTree = "<group>";
		};
		B6843E3B2021929E00B86A3F /* Model */ = {
			isa = PBXGroup;
			children = (
				B6843E3C202192C700B86A3F /* StatusViewModel.swift */,
				B678C99B2021E967007FEB83 /* UnionListModel.swift */,
			);
			path = Model;
			sourceTree = "<group>";
		};
		B6843E3E202195A300B86A3F /* View */ = {
			isa = PBXGroup;
			children = (
				B6E1FB00202871BD00BB2B4E /* PickImageCollectionView.swift */,
				B6843E412021999D00B86A3F /* PicCollectionView.swift */,
				B6843E3F202195C800B86A3F /* StatusViewCell.swift */,
			);
			path = View;
			sourceTree = "<group>";
		};
		B6B4295320287B0C00B7F3E5 /* Model */ = {
			isa = PBXGroup;
			children = (
			);
			path = Model;
			sourceTree = "<group>";
		};
		B6B4295420287B2200B7F3E5 /* Controller */ = {
			isa = PBXGroup;
			children = (
				B6843E39202173FD00B86A3F /* MomentMainVC.swift */,
				B6E1FAFC20286D7F00BB2B4E /* StatusPushVC.swift */,
			);
			path = Controller;
			sourceTree = "<group>";
		};
		B6B9A5322024336C00AC24EB /* Circle */ = {
			isa = PBXGroup;
			children = (
				B6B4295320287B0C00B7F3E5 /* Model */,
				B6B9A536202437C800AC24EB /* View */,
				B6B9A5332024337F00AC24EB /* Controller */,
			);
			path = Circle;
			sourceTree = "<group>";
		};
		B6B9A5332024337F00AC24EB /* Controller */ = {
			isa = PBXGroup;
			children = (
				B6B9A53920243CC900AC24EB /* CricleViewController.swift */,
			);
			path = Controller;
			sourceTree = "<group>";
		};
		B6B9A536202437C800AC24EB /* View */ = {
			isa = PBXGroup;
			children = (
				B6B9A5342024354D00AC24EB /* CriclePicktrueView.swift */,
			);
			path = View;
			sourceTree = "<group>";
		};
		D33EA6782011D29200745003 /* FlowButtonView */ = {
			isa = PBXGroup;
			children = (
				D33EA6792011D29200745003 /* CFFlowButtonView.swift */,
			);
			path = FlowButtonView;
			sourceTree = "<group>";
		};
		D34712522011FFF9003E098E /* Cell */ = {
			isa = PBXGroup;
			children = (
				D347125320120085003E098E /* ProfileTableViewHeaderCell.swift */,
				D347125B201202A0003E098E /* ProfileHobbiesSelectorTableViewBodyCell.swift */,
				D347125F2012057A003E098E /* ProfileSkillsSelectorTableViewBodyCell.swift */,
				D347126320120685003E098E /* ProfileTextInputTableViewBodyCell.swift */,
				D3BFC9B62019BC5000D2C6BD /* ProfileEditChooseAvatarTableViewCell.swift */,
				D3B8E5C4201AF245002F3A3A /* MyProject */,
			);
			path = Cell;
			sourceTree = "<group>";
		};
		D35F5656200EE93C00149861 /* Settings */ = {
			isa = PBXGroup;
			children = (
				D35F5654200EE35E00149861 /* ProfileSettingsViewController.swift */,
				D35F5657200EE97200149861 /* ModifyPasswordViewController.swift */,
			);
			path = Settings;
			sourceTree = "<group>";
		};
		D378FE921FF0D21600065EEC = {
			isa = PBXGroup;
			children = (
				D378FE9D1FF0D21600065EEC /* Partner */,
				D378FEB21FF0D21600065EEC /* PartnerTests */,
				D378FEBD1FF0D21600065EEC /* PartnerUITests */,
				D378FE9C1FF0D21600065EEC /* Products */,
				6B12F48BD77C766FF17B24FD /* Pods */,
				5D13C0210F69F8269245E27A /* Frameworks */,
			);
			sourceTree = "<group>";
		};
		D378FE9C1FF0D21600065EEC /* Products */ = {
			isa = PBXGroup;
			children = (
				D378FE9B1FF0D21600065EEC /* Partner.app */,
				D378FEAF1FF0D21600065EEC /* PartnerTests.xctest */,
				D378FEBA1FF0D21600065EEC /* PartnerUITests.xctest */,
			);
			name = Products;
			sourceTree = "<group>";
		};
		D378FE9D1FF0D21600065EEC /* Partner */ = {
			isa = PBXGroup;
			children = (
				D378FEDA1FF0D4E300065EEC /* Public */,
				D378FECC1FF0D23500065EEC /* Login */,
				D378FED51FF0D44000065EEC /* Home */,
				D378FED61FF0D46100065EEC /* Union */,
				D378FED71FF0D47600065EEC /* Service */,
				D378FED91FF0D4AF00065EEC /* Profile */,
				D378FEDB1FF0D4EB00065EEC /* Extension */,
				D378FE9E1FF0D21600065EEC /* AppDelegate.swift */,
				D378FEF11FF0E36500065EEC /* NetworkTools.swift */,
				B678C9992021E065007FEB83 /* UnionNetWorkTool.swift */,
				D378FEA21FF0D21600065EEC /* Main.storyboard */,
				B6843E3820216B5E00B86A3F /* Assets.xcassets */,
				D378FEA71FF0D21600065EEC /* LaunchScreen.storyboard */,
				D378FEAA1FF0D21600065EEC /* Info.plist */,
				D37AE8E3202064B700B32E4D /* Partner-Bridging-Header.h */,
				D39A4F39200DA15100022A76 /* Deprecated */,
			);
			path = Partner;
			sourceTree = "<group>";
		};
		D378FEB21FF0D21600065EEC /* PartnerTests */ = {
			isa = PBXGroup;
			children = (
				D378FEB31FF0D21600065EEC /* PartnerTests.swift */,
				D378FEB51FF0D21600065EEC /* Info.plist */,
			);
			path = PartnerTests;
			sourceTree = "<group>";
		};
		D378FEBD1FF0D21600065EEC /* PartnerUITests */ = {
			isa = PBXGroup;
			children = (
				D378FEBE1FF0D21600065EEC /* PartnerUITests.swift */,
				D378FEC01FF0D21600065EEC /* Info.plist */,
			);
			path = PartnerUITests;
			sourceTree = "<group>";
		};
		D378FECC1FF0D23500065EEC /* Login */ = {
			isa = PBXGroup;
			children = (
				D378FED31FF0D3D900065EEC /* Login.storyboard */,
				D378FECD1FF0D24F00065EEC /* Welcome */,
				D378FECF1FF0D2EB00065EEC /* LoginRegister */,
				D378FECE1FF0D2A200065EEC /* Guidance */,
			);
			path = Login;
			sourceTree = "<group>";
		};
		D378FECD1FF0D24F00065EEC /* Welcome */ = {
			isa = PBXGroup;
			children = (
				D33EA6782011D29200745003 /* FlowButtonView */,
				B6EF1D39201F5D8C000479F8 /* RegisterAndLoginVC.swift */,
				B6C27D062019AF200087FF17 /* ForgetPwdVC.swift */,
				B680342A1FFCD5D700FE4BF6 /* WelcomeLoginVC.swift */,
				B690A7952003652D00AAA051 /* ChooseIdentityVC.swift */,
				B65517E5200C4932007799BC /* InformationDetailVC.swift */,
				B65517E9200C800E007799BC /* InterestedVC.swift */,
				B641021C2015D7D3001C8787 /* SkillViewController.swift */,
				B6EF1D34201F3697000479F8 /* AddTagBtnVC.swift */,
				B6EF1D3B201F5FD3000479F8 /* CooperativedemandVC.swift */,
			);
			path = Welcome;
			sourceTree = "<group>";
		};
		D378FECE1FF0D2A200065EEC /* Guidance */ = {
			isa = PBXGroup;
			children = (
			);
			path = Guidance;
			sourceTree = "<group>";
		};
		D378FECF1FF0D2EB00065EEC /* LoginRegister */ = {
			isa = PBXGroup;
			children = (
				D378FED01FF0D3A300065EEC /* Model */,
				D378FED21FF0D3B100065EEC /* View */,
				D378FED11FF0D3AB00065EEC /* Controller */,
			);
			path = LoginRegister;
			sourceTree = "<group>";
		};
		D378FED01FF0D3A300065EEC /* Model */ = {
			isa = PBXGroup;
			children = (
				B6A34317201C645300C7D5F5 /* communityModel.swift */,
				B6EF1D32201EC911000479F8 /* TageModel.swift */,
			);
			path = Model;
			sourceTree = "<group>";
		};
		D378FED11FF0D3AB00065EEC /* Controller */ = {
			isa = PBXGroup;
			children = (
			);
			path = Controller;
			sourceTree = "<group>";
		};
		D378FED21FF0D3B100065EEC /* View */ = {
			isa = PBXGroup;
			children = (
			);
			path = View;
			sourceTree = "<group>";
		};
		D378FED51FF0D44000065EEC /* Home */ = {
			isa = PBXGroup;
			children = (
				D378FEE01FF0D60800065EEC /* Home.storyboard */,
				D33EA67B2011D68700745003 /* HomeViewController.swift */,
				D378FEDC1FF0D5A400065EEC /* Plaza */,
				D378FEDD1FF0D5BE00065EEC /* Social */,
				D378FEDE1FF0D5C700065EEC /* Activity */,
				D378FEDF1FF0D5CE00065EEC /* Infomation */,
				D378FEE41FF0D67700065EEC /* Reservation */,
				D378FF0B1FF0E90E00065EEC /* Miscellaneous */,
			);
			path = Home;
			sourceTree = "<group>";
		};
		D378FED61FF0D46100065EEC /* Union */ = {
			isa = PBXGroup;
			children = (
				B6843E362020223A00B86A3F /* UnionMainVC.swift */,
				D378FEF81FF0E75A00065EEC /* Union.storyboard */,
				B6843E3320201E3A00B86A3F /* Moments */,
				B6B9A5322024336C00AC24EB /* Circle */,
				D378FEF61FF0E6EE00065EEC /* Messages */,
				D378FEF71FF0E70E00065EEC /* Hunt */,
			);
			path = Union;
			sourceTree = "<group>";
		};
		D378FED71FF0D47600065EEC /* Service */ = {
			isa = PBXGroup;
			children = (
				D378FEFD1FF0E80600065EEC /* Service.storyboard */,
				D355001520240163008D04A8 /* AspectImageViewController.swift */,
				D3CAC86F2021EF9D0072064C /* Model */,
				D3CAC8702021EFAC0072064C /* View */,
				D3CAC8712021EFAF0072064C /* Controller */,
			);
			path = Service;
			sourceTree = "<group>";
		};
		D378FED81FF0D47C00065EEC /* Shopping */ = {
			isa = PBXGroup;
			children = (
				D378FF211FF0EBF100065EEC /* Shopping.storyboard */,
				D378FF231FF0EBF600065EEC /* Model */,
				D378FF241FF0EBF600065EEC /* View */,
				D378FF251FF0EBF700065EEC /* Controller */,
			);
			path = Shopping;
			sourceTree = "<group>";
		};
		D378FED91FF0D4AF00065EEC /* Profile */ = {
			isa = PBXGroup;
			children = (
				D378FF1B1FF0EADB00065EEC /* Profile.storyboard */,
				D3CAC86E2021B0F40072064C /* Model */,
				D378FF1F1FF0EAEB00065EEC /* View */,
				D378FF201FF0EAEB00065EEC /* Controller */,
			);
			path = Profile;
			sourceTree = "<group>";
		};
		D378FEDA1FF0D4E300065EEC /* Public */ = {
			isa = PBXGroup;
			children = (
				D39A4F31200D984C00022A76 /* SystemConstantValue.swift */,
			);
			path = Public;
			sourceTree = "<group>";
		};
		D378FEDB1FF0D4EB00065EEC /* Extension */ = {
			isa = PBXGroup;
			children = (
				D33EA6762011D27200745003 /* Extension+UIView.swift */,
				B65517E7200C506A007799BC /* Extension+UIViewController.swift */,
				D39A4F34200D98AE00022A76 /* Extension+Colors.swift */,
				D39A4F33200D98AE00022A76 /* Extension+String.swift */,
				D3B6ADC5201F40C300A7B961 /* Designables */,
				D378FEF31FF0E3E000065EEC /* Animations */,
			);
			path = Extension;
			sourceTree = "<group>";
		};
		D378FEDC1FF0D5A400065EEC /* Plaza */ = {
			isa = PBXGroup;
			children = (
				D378FEF01FF0D91100065EEC /* Model */,
				D378FEEF1FF0D90E00065EEC /* View */,
				D378FEEE1FF0D90700065EEC /* Controller */,
			);
			path = Plaza;
			sourceTree = "<group>";
		};
		D378FEDD1FF0D5BE00065EEC /* Social */ = {
			isa = PBXGroup;
			children = (
				D378FF0C1FF0E93E00065EEC /* Model */,
				D378FF0D1FF0E93E00065EEC /* View */,
				D378FF0E1FF0E93E00065EEC /* Controller */,
			);
			path = Social;
			sourceTree = "<group>";
		};
		D378FEDE1FF0D5C700065EEC /* Activity */ = {
			isa = PBXGroup;
			children = (
				D378FF0F1FF0E94000065EEC /* Model */,
				D378FF101FF0E94000065EEC /* View */,
				D378FF111FF0E94000065EEC /* Controller */,
			);
			path = Activity;
			sourceTree = "<group>";
		};
		D378FEDF1FF0D5CE00065EEC /* Infomation */ = {
			isa = PBXGroup;
			children = (
				D378FF121FF0E94700065EEC /* Model */,
				D378FF131FF0E94700065EEC /* View */,
				D378FF141FF0E94800065EEC /* Controller */,
			);
			path = Infomation;
			sourceTree = "<group>";
		};
		D378FEE31FF0D65F00065EEC /* AirPrint */ = {
			isa = PBXGroup;
			children = (
			);
			path = AirPrint;
			sourceTree = "<group>";
		};
		D378FEE41FF0D67700065EEC /* Reservation */ = {
			isa = PBXGroup;
			children = (
				D378FF191FF0EA0400065EEC /* Model */,
				D378FF1A1FF0EA0400065EEC /* View */,
				D378FF181FF0EA0400065EEC /* Controller */,
				D378FEE51FF0D6A900065EEC /* MeetingRoom */,
				D378FEE61FF0D6D500065EEC /* Station */,
				D378FEE71FF0D70700065EEC /* Site */,
			);
			path = Reservation;
			sourceTree = "<group>";
		};
		D378FEE51FF0D6A900065EEC /* MeetingRoom */ = {
			isa = PBXGroup;
			children = (
			);
			path = MeetingRoom;
			sourceTree = "<group>";
		};
		D378FEE61FF0D6D500065EEC /* Station */ = {
			isa = PBXGroup;
			children = (
			);
			path = Station;
			sourceTree = "<group>";
		};
		D378FEE71FF0D70700065EEC /* Site */ = {
			isa = PBXGroup;
			children = (
			);
			path = Site;
			sourceTree = "<group>";
		};
		D378FEE81FF0D71700065EEC /* DoorLock */ = {
			isa = PBXGroup;
			children = (
			);
			path = DoorLock;
			sourceTree = "<group>";
		};
		D378FEE91FF0D73800065EEC /* ECoupons */ = {
			isa = PBXGroup;
			children = (
			);
			path = ECoupons;
			sourceTree = "<group>";
		};
		D378FEEA1FF0D76A00065EEC /* NetworkConnection */ = {
			isa = PBXGroup;
			children = (
			);
			path = NetworkConnection;
			sourceTree = "<group>";
		};
		D378FEEB1FF0D78000065EEC /* Classes */ = {
			isa = PBXGroup;
			children = (
				D378FF151FF0E94900065EEC /* Model */,
				D378FF161FF0E94900065EEC /* View */,
				D378FF171FF0E94900065EEC /* Controller */,
			);
			path = Classes;
			sourceTree = "<group>";
		};
		D378FEEE1FF0D90700065EEC /* Controller */ = {
			isa = PBXGroup;
			children = (
			);
			path = Controller;
			sourceTree = "<group>";
		};
		D378FEEF1FF0D90E00065EEC /* View */ = {
			isa = PBXGroup;
			children = (
			);
			path = View;
			sourceTree = "<group>";
		};
		D378FEF01FF0D91100065EEC /* Model */ = {
			isa = PBXGroup;
			children = (
			);
			path = Model;
			sourceTree = "<group>";
		};
		D378FEF31FF0E3E000065EEC /* Animations */ = {
			isa = PBXGroup;
			children = (
			);
			path = Animations;
			sourceTree = "<group>";
		};
		D378FEF61FF0E6EE00065EEC /* Messages */ = {
			isa = PBXGroup;
			children = (
				D378FF051FF0E88200065EEC /* Model */,
				D378FF061FF0E88200065EEC /* View */,
				D378FF071FF0E88200065EEC /* Controller */,
			);
			path = Messages;
			sourceTree = "<group>";
		};
		D378FEF71FF0E70E00065EEC /* Hunt */ = {
			isa = PBXGroup;
			children = (
				D378FF081FF0E88300065EEC /* Model */,
				D378FF091FF0E88300065EEC /* View */,
				D378FF0A1FF0E88300065EEC /* Controller */,
			);
			path = Hunt;
			sourceTree = "<group>";
		};
		D378FF051FF0E88200065EEC /* Model */ = {
			isa = PBXGroup;
			children = (
			);
			path = Model;
			sourceTree = "<group>";
		};
		D378FF061FF0E88200065EEC /* View */ = {
			isa = PBXGroup;
			children = (
			);
			path = View;
			sourceTree = "<group>";
		};
		D378FF071FF0E88200065EEC /* Controller */ = {
			isa = PBXGroup;
			children = (
			);
			path = Controller;
			sourceTree = "<group>";
		};
		D378FF081FF0E88300065EEC /* Model */ = {
			isa = PBXGroup;
			children = (
			);
			path = Model;
			sourceTree = "<group>";
		};
		D378FF091FF0E88300065EEC /* View */ = {
			isa = PBXGroup;
			children = (
			);
			path = View;
			sourceTree = "<group>";
		};
		D378FF0A1FF0E88300065EEC /* Controller */ = {
			isa = PBXGroup;
			children = (
			);
			path = Controller;
			sourceTree = "<group>";
		};
		D378FF0B1FF0E90E00065EEC /* Miscellaneous */ = {
			isa = PBXGroup;
			children = (
				D378FEE31FF0D65F00065EEC /* AirPrint */,
				D378FEEA1FF0D76A00065EEC /* NetworkConnection */,
				D378FEE91FF0D73800065EEC /* ECoupons */,
				D378FEE81FF0D71700065EEC /* DoorLock */,
				D378FEEB1FF0D78000065EEC /* Classes */,
			);
			path = Miscellaneous;
			sourceTree = "<group>";
		};
		D378FF0C1FF0E93E00065EEC /* Model */ = {
			isa = PBXGroup;
			children = (
			);
			path = Model;
			sourceTree = "<group>";
		};
		D378FF0D1FF0E93E00065EEC /* View */ = {
			isa = PBXGroup;
			children = (
			);
			path = View;
			sourceTree = "<group>";
		};
		D378FF0E1FF0E93E00065EEC /* Controller */ = {
			isa = PBXGroup;
			children = (
			);
			path = Controller;
			sourceTree = "<group>";
		};
		D378FF0F1FF0E94000065EEC /* Model */ = {
			isa = PBXGroup;
			children = (
			);
			path = Model;
			sourceTree = "<group>";
		};
		D378FF101FF0E94000065EEC /* View */ = {
			isa = PBXGroup;
			children = (
			);
			path = View;
			sourceTree = "<group>";
		};
		D378FF111FF0E94000065EEC /* Controller */ = {
			isa = PBXGroup;
			children = (
			);
			path = Controller;
			sourceTree = "<group>";
		};
		D378FF121FF0E94700065EEC /* Model */ = {
			isa = PBXGroup;
			children = (
			);
			path = Model;
			sourceTree = "<group>";
		};
		D378FF131FF0E94700065EEC /* View */ = {
			isa = PBXGroup;
			children = (
			);
			path = View;
			sourceTree = "<group>";
		};
		D378FF141FF0E94800065EEC /* Controller */ = {
			isa = PBXGroup;
			children = (
			);
			path = Controller;
			sourceTree = "<group>";
		};
		D378FF151FF0E94900065EEC /* Model */ = {
			isa = PBXGroup;
			children = (
			);
			path = Model;
			sourceTree = "<group>";
		};
		D378FF161FF0E94900065EEC /* View */ = {
			isa = PBXGroup;
			children = (
			);
			path = View;
			sourceTree = "<group>";
		};
		D378FF171FF0E94900065EEC /* Controller */ = {
			isa = PBXGroup;
			children = (
			);
			path = Controller;
			sourceTree = "<group>";
		};
		D378FF181FF0EA0400065EEC /* Controller */ = {
			isa = PBXGroup;
			children = (
			);
			path = Controller;
			sourceTree = "<group>";
		};
		D378FF191FF0EA0400065EEC /* Model */ = {
			isa = PBXGroup;
			children = (
			);
			path = Model;
			sourceTree = "<group>";
		};
		D378FF1A1FF0EA0400065EEC /* View */ = {
			isa = PBXGroup;
			children = (
			);
			path = View;
			sourceTree = "<group>";
		};
		D378FF1F1FF0EAEB00065EEC /* View */ = {
			isa = PBXGroup;
			children = (
				D3E78EB32021912F0006C31F /* KeyboardBackgroundCoverView.swift */,
				D3A827E6201096C40053ADBF /* PartnerPickerView.swift */,
				D3A827E8201096CD0053ADBF /* PartnerPickerView.xib */,
				D347124F2011F0CF003E098E /* CustomTimePickerView.swift */,
				D347124E2011F0BA003E098E /* CustomTimePickerView.xib */,
				D34712522011FFF9003E098E /* Cell */,
			);
			path = View;
			sourceTree = "<group>";
		};
		D378FF201FF0EAEB00065EEC /* Controller */ = {
			isa = PBXGroup;
			children = (
				D39A4F3A200DA58200022A76 /* ProfileViewController.swift */,
				D347126720120943003E098E /* ProfileEditInfomationViewController.swift */,
				D3B8B8EF20107BB500EDD145 /* VisitorsReservationViewController.swift */,
				D35F5659200EF3AC00149861 /* FeedbackViewController.swift */,
				D3BFC9B82019C17F00D2C6BD /* MyProject */,
				D35F5656200EE93C00149861 /* Settings */,
			);
			path = Controller;
			sourceTree = "<group>";
		};
		D378FF231FF0EBF600065EEC /* Model */ = {
			isa = PBXGroup;
			children = (
			);
			path = Model;
			sourceTree = "<group>";
		};
		D378FF241FF0EBF600065EEC /* View */ = {
			isa = PBXGroup;
			children = (
			);
			path = View;
			sourceTree = "<group>";
		};
		D378FF251FF0EBF700065EEC /* Controller */ = {
			isa = PBXGroup;
			children = (
			);
			path = Controller;
			sourceTree = "<group>";
		};
		D39A4F39200DA15100022A76 /* Deprecated */ = {
			isa = PBXGroup;
			children = (
				D378FED81FF0D47C00065EEC /* Shopping */,
			);
			path = Deprecated;
			sourceTree = "<group>";
		};
		D39F8C2E201F0BA400A40AC1 /* Edit */ = {
			isa = PBXGroup;
			children = (
				D3034645201ECE93007A37A5 /* MyProjectEditViewController.swift */,
				D39F8C31201F0C5C00A40AC1 /* MyProjectEditTeamMembersViewController.swift */,
				D39F8C33201F0C8400A40AC1 /* MyProjectEditAddTeamMembersViewController.swift */,
				D39F8C35201F0C9F00A40AC1 /* MyProjectEditProjectIntroductionViewController.swift */,
				D39F8C37201F0CB100A40AC1 /* MyProjectEditMarketAnalysisViewController.swift */,
				D39F8C39201F0CC900A40AC1 /* MyProjectEditRunStatusViewController.swift */,
				D39F8C3B201F0CFB00A40AC1 /* MyProjectEditFundingNeedViewController.swift */,
				D39F8C3D201F0D1100A40AC1 /* MyProjectEditSettingsViewController.swift */,
			);
			path = Edit;
			sourceTree = "<group>";
		};
		D3B6ADC4201F3D0100A7B961 /* Edit */ = {
			isa = PBXGroup;
			children = (
				D3034647201ECFD1007A37A5 /* ProjectEditHeaderTableViewCell.swift */,
				D3034649201ECFFE007A37A5 /* ProjectEditMembersBriefTableViewCell.swift */,
				D303464D201EF07B007A37A5 /* ProjectEditIntroductionTableViewCell.swift */,
				D39F14DD201EF68E003F3BC5 /* ProjectEditMarketAnalysisTableViewCell.swift */,
				D39F14DF201EF69A003F3BC5 /* ProjectEditRunStatusTableViewCell.swift */,
				D39F14E1201EF6B3003F3BC5 /* ProjectEditFundingNeedTableViewCell.swift */,
				D39F14E3201EF754003F3BC5 /* ProjectEditBusinessPlanBookTableViewCell.swift */,
				D39F14E5201EF772003F3BC5 /* ProjectEditConfirmButtonTableViewCell.swift */,
			);
			path = Edit;
			sourceTree = "<group>";
		};
		D3B6ADC5201F40C300A7B961 /* Designables */ = {
			isa = PBXGroup;
			children = (
				D3B6ADC6201F40F800A7B961 /* Designable+UIView.swift */,
				D3B6ADC8201F410100A7B961 /* Designable+UIButton.swift */,
				D3B6ADCA201F410B00A7B961 /* Designable+UILabel.swift */,
				D3E0D81C2021F8C300DCBCF4 /* Designable+UIImageView.swift */,
			);
			path = Designables;
			sourceTree = "<group>";
		};
		D3B8E5C4201AF245002F3A3A /* MyProject */ = {
			isa = PBXGroup;
			children = (
				D3B6ADC4201F3D0100A7B961 /* Edit */,
				D3B8E5C5201AF285002F3A3A /* SingleProjectTableViewCell.swift */,
				D3B8E5C9201AFCEC002F3A3A /* IntentionProjectTableViewCell.swift */,
			);
			path = MyProject;
			sourceTree = "<group>";
		};
		D3BFC9B82019C17F00D2C6BD /* MyProject */ = {
			isa = PBXGroup;
			children = (
				D3BFC9B92019C1F400D2C6BD /* MyProjectNoneProjectPlaceholderViewController.swift */,
				D3B8E5C2201AF1CB002F3A3A /* MyProjectViewController.swift */,
				D3B8E5C7201AFC04002F3A3A /* IntentionProjectViewController.swift */,
				D3BFC9BB2019C8A600D2C6BD /* MyProjectEditAndCreateViewController.swift */,
				D3BCE69D2019D44A00097DDA /* InputDetialViewController.swift */,
				D39F8C2E201F0BA400A40AC1 /* Edit */,
			);
			path = MyProject;
			sourceTree = "<group>";
		};
		D3CAC86E2021B0F40072064C /* Model */ = {
			isa = PBXGroup;
			children = (
			);
			path = Model;
			sourceTree = "<group>";
		};
		D3CAC86F2021EF9D0072064C /* Model */ = {
			isa = PBXGroup;
			children = (
			);
			path = Model;
			sourceTree = "<group>";
		};
		D3CAC8702021EFAC0072064C /* View */ = {
			isa = PBXGroup;
			children = (
			);
			path = View;
			sourceTree = "<group>";
		};
		D3CAC8712021EFAF0072064C /* Controller */ = {
			isa = PBXGroup;
			children = (
				D3CAC8722021EFCD0072064C /* ServiceMainViewController.swift */,
			);
			path = Controller;
			sourceTree = "<group>";
		};
/* End PBXGroup section */

/* Begin PBXNativeTarget section */
		D378FE9A1FF0D21600065EEC /* Partner */ = {
			isa = PBXNativeTarget;
			buildConfigurationList = D378FEC31FF0D21600065EEC /* Build configuration list for PBXNativeTarget "Partner" */;
			buildPhases = (
				389BCA83508724F33D29DED3 /* [CP] Check Pods Manifest.lock */,
				D378FE971FF0D21600065EEC /* Sources */,
				D378FE981FF0D21600065EEC /* Frameworks */,
				D378FE991FF0D21600065EEC /* Resources */,
				E9937674B20F3DBB2DD4A950 /* [CP] Embed Pods Frameworks */,
				4ECEDF5FEEB8BB330E94E10F /* [CP] Copy Pods Resources */,
				B64102202016D300001C8787 /* ShellScript */,
			);
			buildRules = (
			);
			dependencies = (
			);
			name = Partner;
			productName = Partner;
			productReference = D378FE9B1FF0D21600065EEC /* Partner.app */;
			productType = "com.apple.product-type.application";
		};
		D378FEAE1FF0D21600065EEC /* PartnerTests */ = {
			isa = PBXNativeTarget;
			buildConfigurationList = D378FEC61FF0D21600065EEC /* Build configuration list for PBXNativeTarget "PartnerTests" */;
			buildPhases = (
				590594084C92835D8C57E1FA /* [CP] Check Pods Manifest.lock */,
				D378FEAB1FF0D21600065EEC /* Sources */,
				D378FEAC1FF0D21600065EEC /* Frameworks */,
				D378FEAD1FF0D21600065EEC /* Resources */,
				933A7B981255134BFB4AFE06 /* [CP] Embed Pods Frameworks */,
				8D024A78DB426E69BEA0D4D3 /* [CP] Copy Pods Resources */,
			);
			buildRules = (
			);
			dependencies = (
				D378FEB11FF0D21600065EEC /* PBXTargetDependency */,
			);
			name = PartnerTests;
			productName = PartnerTests;
			productReference = D378FEAF1FF0D21600065EEC /* PartnerTests.xctest */;
			productType = "com.apple.product-type.bundle.unit-test";
		};
		D378FEB91FF0D21600065EEC /* PartnerUITests */ = {
			isa = PBXNativeTarget;
			buildConfigurationList = D378FEC91FF0D21600065EEC /* Build configuration list for PBXNativeTarget "PartnerUITests" */;
			buildPhases = (
				C25E429C9CFC5AC9D460A401 /* [CP] Check Pods Manifest.lock */,
				D378FEB61FF0D21600065EEC /* Sources */,
				D378FEB71FF0D21600065EEC /* Frameworks */,
				D378FEB81FF0D21600065EEC /* Resources */,
				A1D110F1B43F5B3E734C2E6B /* [CP] Embed Pods Frameworks */,
				863084748D5BB34D6EC56777 /* [CP] Copy Pods Resources */,
			);
			buildRules = (
			);
			dependencies = (
				D378FEBC1FF0D21600065EEC /* PBXTargetDependency */,
			);
			name = PartnerUITests;
			productName = PartnerUITests;
			productReference = D378FEBA1FF0D21600065EEC /* PartnerUITests.xctest */;
			productType = "com.apple.product-type.bundle.ui-testing";
		};
/* End PBXNativeTarget section */

/* Begin PBXProject section */
		D378FE931FF0D21600065EEC /* Project object */ = {
			isa = PBXProject;
			attributes = {
				LastSwiftUpdateCheck = 0920;
				LastUpgradeCheck = 0920;
				TargetAttributes = {
					D378FE9A1FF0D21600065EEC = {
						CreatedOnToolsVersion = 9.2;
						LastSwiftMigration = 0920;
						ProvisioningStyle = Automatic;
					};
					D378FEAE1FF0D21600065EEC = {
						CreatedOnToolsVersion = 9.2;
						ProvisioningStyle = Automatic;
						TestTargetID = D378FE9A1FF0D21600065EEC;
					};
					D378FEB91FF0D21600065EEC = {
						CreatedOnToolsVersion = 9.2;
						ProvisioningStyle = Automatic;
						TestTargetID = D378FE9A1FF0D21600065EEC;
					};
				};
			};
			buildConfigurationList = D378FE961FF0D21600065EEC /* Build configuration list for PBXProject "Partner" */;
			compatibilityVersion = "Xcode 8.0";
			developmentRegion = en;
			hasScannedForEncodings = 0;
			knownRegions = (
				en,
				Base,
			);
			mainGroup = D378FE921FF0D21600065EEC;
			productRefGroup = D378FE9C1FF0D21600065EEC /* Products */;
			projectDirPath = "";
			projectRoot = "";
			targets = (
				D378FE9A1FF0D21600065EEC /* Partner */,
				D378FEAE1FF0D21600065EEC /* PartnerTests */,
				D378FEB91FF0D21600065EEC /* PartnerUITests */,
			);
		};
/* End PBXProject section */

/* Begin PBXResourcesBuildPhase section */
		D378FE991FF0D21600065EEC /* Resources */ = {
			isa = PBXResourcesBuildPhase;
			buildActionMask = 2147483647;
			files = (
				D378FED41FF0D3D900065EEC /* Login.storyboard in Resources */,
				D378FEE11FF0D60800065EEC /* Home.storyboard in Resources */,
				B678C9982021C82F007FEB83 /* Assets.xcassets in Resources */,
				D34712512011F289003E098E /* CustomTimePickerView.xib in Resources */,
				D378FF1C1FF0EADB00065EEC /* Profile.storyboard in Resources */,
				D378FEF91FF0E75A00065EEC /* Union.storyboard in Resources */,
				D378FEA91FF0D21600065EEC /* LaunchScreen.storyboard in Resources */,
				D378FF221FF0EBF100065EEC /* Shopping.storyboard in Resources */,
				D378FEA41FF0D21600065EEC /* Main.storyboard in Resources */,
				D378FEFE1FF0E80600065EEC /* Service.storyboard in Resources */,
				D3A827E9201096CD0053ADBF /* PartnerPickerView.xib in Resources */,
			);
			runOnlyForDeploymentPostprocessing = 0;
		};
		D378FEAD1FF0D21600065EEC /* Resources */ = {
			isa = PBXResourcesBuildPhase;
			buildActionMask = 2147483647;
			files = (
			);
			runOnlyForDeploymentPostprocessing = 0;
		};
		D378FEB81FF0D21600065EEC /* Resources */ = {
			isa = PBXResourcesBuildPhase;
			buildActionMask = 2147483647;
			files = (
			);
			runOnlyForDeploymentPostprocessing = 0;
		};
/* End PBXResourcesBuildPhase section */

/* Begin PBXShellScriptBuildPhase section */
		389BCA83508724F33D29DED3 /* [CP] Check Pods Manifest.lock */ = {
			isa = PBXShellScriptBuildPhase;
			buildActionMask = 2147483647;
			files = (
			);
			inputPaths = (
				"${PODS_PODFILE_DIR_PATH}/Podfile.lock",
				"${PODS_ROOT}/Manifest.lock",
			);
			name = "[CP] Check Pods Manifest.lock";
			outputPaths = (
				"$(DERIVED_FILE_DIR)/Pods-Partner-checkManifestLockResult.txt",
			);
			runOnlyForDeploymentPostprocessing = 0;
			shellPath = /bin/sh;
			shellScript = "diff \"${PODS_PODFILE_DIR_PATH}/Podfile.lock\" \"${PODS_ROOT}/Manifest.lock\" > /dev/null\nif [ $? != 0 ] ; then\n    # print error to STDERR\n    echo \"error: The sandbox is not in sync with the Podfile.lock. Run 'pod install' or update your CocoaPods installation.\" >&2\n    exit 1\nfi\n# This output is used by Xcode 'outputs' to avoid re-running this script phase.\necho \"SUCCESS\" > \"${SCRIPT_OUTPUT_FILE_0}\"\n";
			showEnvVarsInLog = 0;
		};
		4ECEDF5FEEB8BB330E94E10F /* [CP] Copy Pods Resources */ = {
			isa = PBXShellScriptBuildPhase;
			buildActionMask = 2147483647;
			files = (
			);
			inputPaths = (
			);
			name = "[CP] Copy Pods Resources";
			outputPaths = (
			);
			runOnlyForDeploymentPostprocessing = 0;
			shellPath = /bin/sh;
			shellScript = "\"${SRCROOT}/Pods/Target Support Files/Pods-Partner/Pods-Partner-resources.sh\"\n";
			showEnvVarsInLog = 0;
		};
		590594084C92835D8C57E1FA /* [CP] Check Pods Manifest.lock */ = {
			isa = PBXShellScriptBuildPhase;
			buildActionMask = 2147483647;
			files = (
			);
			inputPaths = (
				"${PODS_PODFILE_DIR_PATH}/Podfile.lock",
				"${PODS_ROOT}/Manifest.lock",
			);
			name = "[CP] Check Pods Manifest.lock";
			outputPaths = (
				"$(DERIVED_FILE_DIR)/Pods-PartnerTests-checkManifestLockResult.txt",
			);
			runOnlyForDeploymentPostprocessing = 0;
			shellPath = /bin/sh;
			shellScript = "diff \"${PODS_PODFILE_DIR_PATH}/Podfile.lock\" \"${PODS_ROOT}/Manifest.lock\" > /dev/null\nif [ $? != 0 ] ; then\n    # print error to STDERR\n    echo \"error: The sandbox is not in sync with the Podfile.lock. Run 'pod install' or update your CocoaPods installation.\" >&2\n    exit 1\nfi\n# This output is used by Xcode 'outputs' to avoid re-running this script phase.\necho \"SUCCESS\" > \"${SCRIPT_OUTPUT_FILE_0}\"\n";
			showEnvVarsInLog = 0;
		};
		863084748D5BB34D6EC56777 /* [CP] Copy Pods Resources */ = {
			isa = PBXShellScriptBuildPhase;
			buildActionMask = 2147483647;
			files = (
			);
			inputPaths = (
			);
			name = "[CP] Copy Pods Resources";
			outputPaths = (
			);
			runOnlyForDeploymentPostprocessing = 0;
			shellPath = /bin/sh;
			shellScript = "\"${SRCROOT}/Pods/Target Support Files/Pods-PartnerUITests/Pods-PartnerUITests-resources.sh\"\n";
			showEnvVarsInLog = 0;
		};
		8D024A78DB426E69BEA0D4D3 /* [CP] Copy Pods Resources */ = {
			isa = PBXShellScriptBuildPhase;
			buildActionMask = 2147483647;
			files = (
			);
			inputPaths = (
			);
			name = "[CP] Copy Pods Resources";
			outputPaths = (
			);
			runOnlyForDeploymentPostprocessing = 0;
			shellPath = /bin/sh;
			shellScript = "\"${SRCROOT}/Pods/Target Support Files/Pods-PartnerTests/Pods-PartnerTests-resources.sh\"\n";
			showEnvVarsInLog = 0;
		};
		933A7B981255134BFB4AFE06 /* [CP] Embed Pods Frameworks */ = {
			isa = PBXShellScriptBuildPhase;
			buildActionMask = 2147483647;
			files = (
			);
			inputPaths = (
			);
			name = "[CP] Embed Pods Frameworks";
			outputPaths = (
			);
			runOnlyForDeploymentPostprocessing = 0;
			shellPath = /bin/sh;
			shellScript = "\"${SRCROOT}/Pods/Target Support Files/Pods-PartnerTests/Pods-PartnerTests-frameworks.sh\"\n";
			showEnvVarsInLog = 0;
		};
		A1D110F1B43F5B3E734C2E6B /* [CP] Embed Pods Frameworks */ = {
			isa = PBXShellScriptBuildPhase;
			buildActionMask = 2147483647;
			files = (
			);
			inputPaths = (
			);
			name = "[CP] Embed Pods Frameworks";
			outputPaths = (
			);
			runOnlyForDeploymentPostprocessing = 0;
			shellPath = /bin/sh;
			shellScript = "\"${SRCROOT}/Pods/Target Support Files/Pods-PartnerUITests/Pods-PartnerUITests-frameworks.sh\"\n";
			showEnvVarsInLog = 0;
		};
		B64102202016D300001C8787 /* ShellScript */ = {
			isa = PBXShellScriptBuildPhase;
			buildActionMask = 2147483647;
			files = (
			);
			inputPaths = (
			);
			outputPaths = (
			);
			runOnlyForDeploymentPostprocessing = 0;
			shellPath = /bin/sh;
			shellScript = "";
		};
		C25E429C9CFC5AC9D460A401 /* [CP] Check Pods Manifest.lock */ = {
			isa = PBXShellScriptBuildPhase;
			buildActionMask = 2147483647;
			files = (
			);
			inputPaths = (
				"${PODS_PODFILE_DIR_PATH}/Podfile.lock",
				"${PODS_ROOT}/Manifest.lock",
			);
			name = "[CP] Check Pods Manifest.lock";
			outputPaths = (
				"$(DERIVED_FILE_DIR)/Pods-PartnerUITests-checkManifestLockResult.txt",
			);
			runOnlyForDeploymentPostprocessing = 0;
			shellPath = /bin/sh;
			shellScript = "diff \"${PODS_PODFILE_DIR_PATH}/Podfile.lock\" \"${PODS_ROOT}/Manifest.lock\" > /dev/null\nif [ $? != 0 ] ; then\n    # print error to STDERR\n    echo \"error: The sandbox is not in sync with the Podfile.lock. Run 'pod install' or update your CocoaPods installation.\" >&2\n    exit 1\nfi\n# This output is used by Xcode 'outputs' to avoid re-running this script phase.\necho \"SUCCESS\" > \"${SCRIPT_OUTPUT_FILE_0}\"\n";
			showEnvVarsInLog = 0;
		};
		E9937674B20F3DBB2DD4A950 /* [CP] Embed Pods Frameworks */ = {
			isa = PBXShellScriptBuildPhase;
			buildActionMask = 2147483647;
			files = (
			);
			inputPaths = (
				"${SRCROOT}/Pods/Target Support Files/Pods-Partner/Pods-Partner-frameworks.sh",
				"${BUILT_PRODUCTS_DIR}/AFNetworking/AFNetworking.framework",
				"${BUILT_PRODUCTS_DIR}/ImagePicker/ImagePicker.framework",
				"${BUILT_PRODUCTS_DIR}/JXPhotoBrowser/JXPhotoBrowser.framework",
				"${BUILT_PRODUCTS_DIR}/Kingfisher/Kingfisher.framework",
				"${BUILT_PRODUCTS_DIR}/MJExtension/MJExtension.framework",
				"${BUILT_PRODUCTS_DIR}/MJRefresh/MJRefresh.framework",
				"${BUILT_PRODUCTS_DIR}/Masonry/Masonry.framework",
				"${BUILT_PRODUCTS_DIR}/NoticeBar/NoticeBar.framework",
				"${BUILT_PRODUCTS_DIR}/SDWebImage/SDWebImage.framework",
			);
			name = "[CP] Embed Pods Frameworks";
			outputPaths = (
				"${TARGET_BUILD_DIR}/${FRAMEWORKS_FOLDER_PATH}/AFNetworking.framework",
				"${TARGET_BUILD_DIR}/${FRAMEWORKS_FOLDER_PATH}/ImagePicker.framework",
				"${TARGET_BUILD_DIR}/${FRAMEWORKS_FOLDER_PATH}/JXPhotoBrowser.framework",
				"${TARGET_BUILD_DIR}/${FRAMEWORKS_FOLDER_PATH}/Kingfisher.framework",
				"${TARGET_BUILD_DIR}/${FRAMEWORKS_FOLDER_PATH}/MJExtension.framework",
				"${TARGET_BUILD_DIR}/${FRAMEWORKS_FOLDER_PATH}/MJRefresh.framework",
				"${TARGET_BUILD_DIR}/${FRAMEWORKS_FOLDER_PATH}/Masonry.framework",
				"${TARGET_BUILD_DIR}/${FRAMEWORKS_FOLDER_PATH}/NoticeBar.framework",
				"${TARGET_BUILD_DIR}/${FRAMEWORKS_FOLDER_PATH}/SDWebImage.framework",
			);
			runOnlyForDeploymentPostprocessing = 0;
			shellPath = /bin/sh;
			shellScript = "\"${SRCROOT}/Pods/Target Support Files/Pods-Partner/Pods-Partner-frameworks.sh\"\n";
			showEnvVarsInLog = 0;
		};
/* End PBXShellScriptBuildPhase section */

/* Begin PBXSourcesBuildPhase section */
		D378FE971FF0D21600065EEC /* Sources */ = {
			isa = PBXSourcesBuildPhase;
			buildActionMask = 2147483647;
			files = (
				D347125520120085003E098E /* ProfileTableViewHeaderCell.swift in Sources */,
				B65517E8200C512A007799BC /* Extension+UIViewController.swift in Sources */,
				D3BFC9BC2019C8A600D2C6BD /* MyProjectEditAndCreateViewController.swift in Sources */,
				B6843E422021999D00B86A3F /* PicCollectionView.swift in Sources */,
				B6EF1D33201EC911000479F8 /* TageModel.swift in Sources */,
				D39A4F32200D985700022A76 /* SystemConstantValue.swift in Sources */,
				D347126820120943003E098E /* ProfileEditInfomationViewController.swift in Sources */,
				D39F14DE201EF68E003F3BC5 /* ProjectEditMarketAnalysisTableViewCell.swift in Sources */,
				D34712612012057A003E098E /* ProfileSkillsSelectorTableViewBodyCell.swift in Sources */,
				D35F5655200EE35E00149861 /* ProfileSettingsViewController.swift in Sources */,
				D35F5658200EE97200149861 /* ModifyPasswordViewController.swift in Sources */,
				D3E0D81D2021F8C300DCBCF4 /* Designable+UIImageView.swift in Sources */,
				D3034646201ECE93007A37A5 /* MyProjectEditViewController.swift in Sources */,
				D347125D201202A0003E098E /* ProfileHobbiesSelectorTableViewBodyCell.swift in Sources */,
				B6EF1D35201F3697000479F8 /* AddTagBtnVC.swift in Sources */,
				D3B6ADCB201F410B00A7B961 /* Designable+UILabel.swift in Sources */,
				D39F8C3E201F0D1100A40AC1 /* MyProjectEditSettingsViewController.swift in Sources */,
				B6843E40202195C800B86A3F /* StatusViewCell.swift in Sources */,
				D3BCE69E2019D44A00097DDA /* InputDetialViewController.swift in Sources */,
				D3B6ADC9201F410100A7B961 /* Designable+UIButton.swift in Sources */,
				D33EA67C2011D68700745003 /* HomeViewController.swift in Sources */,
				D3BFC9B72019BC5000D2C6BD /* ProfileEditChooseAvatarTableViewCell.swift in Sources */,
				B65517EA200C800E007799BC /* InterestedVC.swift in Sources */,
				B6843E3D202192C700B86A3F /* StatusViewModel.swift in Sources */,
				B680342B1FFCD5D700FE4BF6 /* WelcomeLoginVC.swift in Sources */,
				B641021D2015D7D3001C8787 /* SkillViewController.swift in Sources */,
				B6C27D072019AF200087FF17 /* ForgetPwdVC.swift in Sources */,
				D39F8C3C201F0CFB00A40AC1 /* MyProjectEditFundingNeedViewController.swift in Sources */,
				B65517E6200C4932007799BC /* InformationDetailVC.swift in Sources */,
				D3B8E5C6201AF285002F3A3A /* SingleProjectTableViewCell.swift in Sources */,
				D39A4F37200D98AF00022A76 /* Extension+Colors.swift in Sources */,
				B6EF1D3A201F5D8D000479F8 /* RegisterAndLoginVC.swift in Sources */,
				D3034648201ECFD1007A37A5 /* ProjectEditHeaderTableViewCell.swift in Sources */,
				D39A4F36200D98AF00022A76 /* Extension+String.swift in Sources */,
				B6A34318201C645300C7D5F5 /* communityModel.swift in Sources */,
				D39F14E0201EF69A003F3BC5 /* ProjectEditRunStatusTableViewCell.swift in Sources */,
				B6843E372020223A00B86A3F /* UnionMainVC.swift in Sources */,
				B6843E3A202173FD00B86A3F /* MomentMainVC.swift in Sources */,
				D35F565A200EF3AC00149861 /* FeedbackViewController.swift in Sources */,
				D39F14E4201EF754003F3BC5 /* ProjectEditBusinessPlanBookTableViewCell.swift in Sources */,
				D39F14E2201EF6B3003F3BC5 /* ProjectEditFundingNeedTableViewCell.swift in Sources */,
				D39F8C3A201F0CC900A40AC1 /* MyProjectEditRunStatusViewController.swift in Sources */,
				D3B8E5C3201AF1CB002F3A3A /* MyProjectViewController.swift in Sources */,
				D39F8C36201F0C9F00A40AC1 /* MyProjectEditProjectIntroductionViewController.swift in Sources */,
				D33EA67A2011D29200745003 /* CFFlowButtonView.swift in Sources */,
				B678C99C2021E967007FEB83 /* UnionListModel.swift in Sources */,
				B678C99A2021E065007FEB83 /* UnionNetWorkTool.swift in Sources */,
				D3B8E5CA201AFCEC002F3A3A /* IntentionProjectTableViewCell.swift in Sources */,
				D3B6ADC7201F40F800A7B961 /* Designable+UIView.swift in Sources */,
				D3B8B8F020107BB500EDD145 /* VisitorsReservationViewController.swift in Sources */,
				B6E1FAFD20286D8000BB2B4E /* StatusPushVC.swift in Sources */,
				D3CAC8732021EFCD0072064C /* ServiceMainViewController.swift in Sources */,
				B6B9A53A20243CC900AC24EB /* CricleViewController.swift in Sources */,
				B6EF1D3C201F5FD3000479F8 /* CooperativedemandVC.swift in Sources */,
				D33EA6772011D27200745003 /* Extension+UIView.swift in Sources */,
				D39F14E6201EF772003F3BC5 /* ProjectEditConfirmButtonTableViewCell.swift in Sources */,
				D303464A201ECFFE007A37A5 /* ProjectEditMembersBriefTableViewCell.swift in Sources */,
				B6B9A5352024354D00AC24EB /* CriclePicktrueView.swift in Sources */,
				D3BFC9BA2019C1F400D2C6BD /* MyProjectNoneProjectPlaceholderViewController.swift in Sources */,
				D39F8C38201F0CB100A40AC1 /* MyProjectEditMarketAnalysisViewController.swift in Sources */,
				D34712502011F0CF003E098E /* CustomTimePickerView.swift in Sources */,
				D378FE9F1FF0D21600065EEC /* AppDelegate.swift in Sources */,
				D39F8C34201F0C8400A40AC1 /* MyProjectEditAddTeamMembersViewController.swift in Sources */,
				B6E1FB01202871BD00BB2B4E /* PickImageCollectionView.swift in Sources */,
				D355001620240163008D04A8 /* AspectImageViewController.swift in Sources */,
				D39A4F3B200DA58200022A76 /* ProfileViewController.swift in Sources */,
				D3B8E5C8201AFC04002F3A3A /* IntentionProjectViewController.swift in Sources */,
				D3E78EB42021912F0006C31F /* KeyboardBackgroundCoverView.swift in Sources */,
				D3A827E7201096C40053ADBF /* PartnerPickerView.swift in Sources */,
				D378FEF21FF0E36600065EEC /* NetworkTools.swift in Sources */,
				B690A7962003652D00AAA051 /* ChooseIdentityVC.swift in Sources */,
				D39F8C32201F0C5C00A40AC1 /* MyProjectEditTeamMembersViewController.swift in Sources */,
				D347126520120685003E098E /* ProfileTextInputTableViewBodyCell.swift in Sources */,
				D303464E201EF07B007A37A5 /* ProjectEditIntroductionTableViewCell.swift in Sources */,
			);
			runOnlyForDeploymentPostprocessing = 0;
		};
		D378FEAB1FF0D21600065EEC /* Sources */ = {
			isa = PBXSourcesBuildPhase;
			buildActionMask = 2147483647;
			files = (
				D378FEB41FF0D21600065EEC /* PartnerTests.swift in Sources */,
			);
			runOnlyForDeploymentPostprocessing = 0;
		};
		D378FEB61FF0D21600065EEC /* Sources */ = {
			isa = PBXSourcesBuildPhase;
			buildActionMask = 2147483647;
			files = (
				D378FEBF1FF0D21600065EEC /* PartnerUITests.swift in Sources */,
			);
			runOnlyForDeploymentPostprocessing = 0;
		};
/* End PBXSourcesBuildPhase section */

/* Begin PBXTargetDependency section */
		D378FEB11FF0D21600065EEC /* PBXTargetDependency */ = {
			isa = PBXTargetDependency;
			target = D378FE9A1FF0D21600065EEC /* Partner */;
			targetProxy = D378FEB01FF0D21600065EEC /* PBXContainerItemProxy */;
		};
		D378FEBC1FF0D21600065EEC /* PBXTargetDependency */ = {
			isa = PBXTargetDependency;
			target = D378FE9A1FF0D21600065EEC /* Partner */;
			targetProxy = D378FEBB1FF0D21600065EEC /* PBXContainerItemProxy */;
		};
/* End PBXTargetDependency section */

/* Begin PBXVariantGroup section */
		D378FEA21FF0D21600065EEC /* Main.storyboard */ = {
			isa = PBXVariantGroup;
			children = (
				D378FEA31FF0D21600065EEC /* Base */,
			);
			name = Main.storyboard;
			sourceTree = "<group>";
		};
		D378FEA71FF0D21600065EEC /* LaunchScreen.storyboard */ = {
			isa = PBXVariantGroup;
			children = (
				D378FEA81FF0D21600065EEC /* Base */,
			);
			name = LaunchScreen.storyboard;
			sourceTree = "<group>";
		};
/* End PBXVariantGroup section */

/* Begin XCBuildConfiguration section */
		D378FEC11FF0D21600065EEC /* Debug */ = {
			isa = XCBuildConfiguration;
			buildSettings = {
				ALWAYS_SEARCH_USER_PATHS = NO;
				CLANG_ANALYZER_NONNULL = YES;
				CLANG_ANALYZER_NUMBER_OBJECT_CONVERSION = YES_AGGRESSIVE;
				CLANG_CXX_LANGUAGE_STANDARD = "gnu++14";
				CLANG_CXX_LIBRARY = "libc++";
				CLANG_ENABLE_MODULES = YES;
				CLANG_ENABLE_OBJC_ARC = YES;
				CLANG_WARN_BLOCK_CAPTURE_AUTORELEASING = YES;
				CLANG_WARN_BOOL_CONVERSION = YES;
				CLANG_WARN_COMMA = YES;
				CLANG_WARN_CONSTANT_CONVERSION = YES;
				CLANG_WARN_DIRECT_OBJC_ISA_USAGE = YES_ERROR;
				CLANG_WARN_DOCUMENTATION_COMMENTS = YES;
				CLANG_WARN_EMPTY_BODY = YES;
				CLANG_WARN_ENUM_CONVERSION = YES;
				CLANG_WARN_INFINITE_RECURSION = YES;
				CLANG_WARN_INT_CONVERSION = YES;
				CLANG_WARN_NON_LITERAL_NULL_CONVERSION = YES;
				CLANG_WARN_OBJC_LITERAL_CONVERSION = YES;
				CLANG_WARN_OBJC_ROOT_CLASS = YES_ERROR;
				CLANG_WARN_RANGE_LOOP_ANALYSIS = YES;
				CLANG_WARN_STRICT_PROTOTYPES = YES;
				CLANG_WARN_SUSPICIOUS_MOVE = YES;
				CLANG_WARN_UNGUARDED_AVAILABILITY = YES_AGGRESSIVE;
				CLANG_WARN_UNREACHABLE_CODE = YES;
				CLANG_WARN__DUPLICATE_METHOD_MATCH = YES;
				CODE_SIGN_IDENTITY = "iPhone Developer";
				COPY_PHASE_STRIP = NO;
				DEBUG_INFORMATION_FORMAT = dwarf;
				ENABLE_STRICT_OBJC_MSGSEND = YES;
				ENABLE_TESTABILITY = YES;
				GCC_C_LANGUAGE_STANDARD = gnu11;
				GCC_DYNAMIC_NO_PIC = NO;
				GCC_NO_COMMON_BLOCKS = YES;
				GCC_OPTIMIZATION_LEVEL = 0;
				GCC_PREPROCESSOR_DEFINITIONS = (
					"DEBUG=1",
					"$(inherited)",
				);
				GCC_WARN_64_TO_32_BIT_CONVERSION = YES;
				GCC_WARN_ABOUT_RETURN_TYPE = YES_ERROR;
				GCC_WARN_UNDECLARED_SELECTOR = YES;
				GCC_WARN_UNINITIALIZED_AUTOS = YES_AGGRESSIVE;
				GCC_WARN_UNUSED_FUNCTION = YES;
				GCC_WARN_UNUSED_VARIABLE = YES;
				IPHONEOS_DEPLOYMENT_TARGET = 11.2;
				MTL_ENABLE_DEBUG_INFO = YES;
				ONLY_ACTIVE_ARCH = YES;
				SDKROOT = iphoneos;
				SWIFT_ACTIVE_COMPILATION_CONDITIONS = DEBUG;
				SWIFT_OPTIMIZATION_LEVEL = "-Onone";
			};
			name = Debug;
		};
		D378FEC21FF0D21600065EEC /* Release */ = {
			isa = XCBuildConfiguration;
			buildSettings = {
				ALWAYS_SEARCH_USER_PATHS = NO;
				CLANG_ANALYZER_NONNULL = YES;
				CLANG_ANALYZER_NUMBER_OBJECT_CONVERSION = YES_AGGRESSIVE;
				CLANG_CXX_LANGUAGE_STANDARD = "gnu++14";
				CLANG_CXX_LIBRARY = "libc++";
				CLANG_ENABLE_MODULES = YES;
				CLANG_ENABLE_OBJC_ARC = YES;
				CLANG_WARN_BLOCK_CAPTURE_AUTORELEASING = YES;
				CLANG_WARN_BOOL_CONVERSION = YES;
				CLANG_WARN_COMMA = YES;
				CLANG_WARN_CONSTANT_CONVERSION = YES;
				CLANG_WARN_DIRECT_OBJC_ISA_USAGE = YES_ERROR;
				CLANG_WARN_DOCUMENTATION_COMMENTS = YES;
				CLANG_WARN_EMPTY_BODY = YES;
				CLANG_WARN_ENUM_CONVERSION = YES;
				CLANG_WARN_INFINITE_RECURSION = YES;
				CLANG_WARN_INT_CONVERSION = YES;
				CLANG_WARN_NON_LITERAL_NULL_CONVERSION = YES;
				CLANG_WARN_OBJC_LITERAL_CONVERSION = YES;
				CLANG_WARN_OBJC_ROOT_CLASS = YES_ERROR;
				CLANG_WARN_RANGE_LOOP_ANALYSIS = YES;
				CLANG_WARN_STRICT_PROTOTYPES = YES;
				CLANG_WARN_SUSPICIOUS_MOVE = YES;
				CLANG_WARN_UNGUARDED_AVAILABILITY = YES_AGGRESSIVE;
				CLANG_WARN_UNREACHABLE_CODE = YES;
				CLANG_WARN__DUPLICATE_METHOD_MATCH = YES;
				CODE_SIGN_IDENTITY = "iPhone Developer";
				COPY_PHASE_STRIP = NO;
				DEBUG_INFORMATION_FORMAT = "dwarf-with-dsym";
				ENABLE_NS_ASSERTIONS = NO;
				ENABLE_STRICT_OBJC_MSGSEND = YES;
				GCC_C_LANGUAGE_STANDARD = gnu11;
				GCC_NO_COMMON_BLOCKS = YES;
				GCC_WARN_64_TO_32_BIT_CONVERSION = YES;
				GCC_WARN_ABOUT_RETURN_TYPE = YES_ERROR;
				GCC_WARN_UNDECLARED_SELECTOR = YES;
				GCC_WARN_UNINITIALIZED_AUTOS = YES_AGGRESSIVE;
				GCC_WARN_UNUSED_FUNCTION = YES;
				GCC_WARN_UNUSED_VARIABLE = YES;
				IPHONEOS_DEPLOYMENT_TARGET = 11.2;
				MTL_ENABLE_DEBUG_INFO = NO;
				SDKROOT = iphoneos;
				SWIFT_OPTIMIZATION_LEVEL = "-Owholemodule";
				VALIDATE_PRODUCT = YES;
			};
			name = Release;
		};
		D378FEC41FF0D21600065EEC /* Debug */ = {
			isa = XCBuildConfiguration;
			baseConfigurationReference = 172AC59E61123A8F751E23DB /* Pods-Partner.debug.xcconfig */;
			buildSettings = {
				ASSETCATALOG_COMPILER_APPICON_NAME = AppIcon;
				CLANG_ENABLE_MODULES = YES;
				"CODE_SIGN_IDENTITY[sdk=iphoneos*]" = "iPhone Developer";
				CODE_SIGN_STYLE = Automatic;
				DEVELOPMENT_TEAM = M2JN69G9M6;
				FRAMEWORK_SEARCH_PATHS = (
					"$(inherited)",
					"$(PROJECT_DIR)/Carthage/Build/iOS",
				);
				INFOPLIST_FILE = Partner/Info.plist;
				IPHONEOS_DEPLOYMENT_TARGET = 9.0;
				LD_RUNPATH_SEARCH_PATHS = "$(inherited) @executable_path/Frameworks";
				PRODUCT_BUNDLE_IDENTIFIER = com.NJQL.Partner;
				PRODUCT_NAME = "$(TARGET_NAME)";
				PROVISIONING_PROFILE_SPECIFIER = "";
				SWIFT_OBJC_BRIDGING_HEADER = "Partner/Partner-Bridging-Header.h";
				SWIFT_OPTIMIZATION_LEVEL = "-Onone";
				SWIFT_VERSION = 4.0;
				TARGETED_DEVICE_FAMILY = 1;
			};
			name = Debug;
		};
		D378FEC51FF0D21600065EEC /* Release */ = {
			isa = XCBuildConfiguration;
			baseConfigurationReference = 2E04E32645370430D88F1860 /* Pods-Partner.release.xcconfig */;
			buildSettings = {
				ASSETCATALOG_COMPILER_APPICON_NAME = AppIcon;
				CLANG_ENABLE_MODULES = YES;
				"CODE_SIGN_IDENTITY[sdk=iphoneos*]" = "iPhone Developer";
				CODE_SIGN_STYLE = Automatic;
				DEVELOPMENT_TEAM = M2JN69G9M6;
				FRAMEWORK_SEARCH_PATHS = (
					"$(inherited)",
					"$(PROJECT_DIR)/Carthage/Build/iOS",
				);
				INFOPLIST_FILE = Partner/Info.plist;
				IPHONEOS_DEPLOYMENT_TARGET = 9.0;
				LD_RUNPATH_SEARCH_PATHS = "$(inherited) @executable_path/Frameworks";
				PRODUCT_BUNDLE_IDENTIFIER = com.NJQL.Partner;
				PRODUCT_NAME = "$(TARGET_NAME)";
				PROVISIONING_PROFILE_SPECIFIER = "";
				SWIFT_OBJC_BRIDGING_HEADER = "Partner/Partner-Bridging-Header.h";
				SWIFT_VERSION = 4.0;
				TARGETED_DEVICE_FAMILY = 1;
			};
			name = Release;
		};
		D378FEC71FF0D21600065EEC /* Debug */ = {
			isa = XCBuildConfiguration;
			baseConfigurationReference = 651730BEE68B4A46A60D9F22 /* Pods-PartnerTests.debug.xcconfig */;
			buildSettings = {
				ALWAYS_EMBED_SWIFT_STANDARD_LIBRARIES = YES;
				BUNDLE_LOADER = "$(TEST_HOST)";
				CODE_SIGN_STYLE = Automatic;
				DEVELOPMENT_TEAM = 4UXX38SJ8T;
				INFOPLIST_FILE = PartnerTests/Info.plist;
				LD_RUNPATH_SEARCH_PATHS = "$(inherited) @executable_path/Frameworks @loader_path/Frameworks";
				PRODUCT_BUNDLE_IDENTIFIER = com.NJQL.PartnerTests;
				PRODUCT_NAME = "$(TARGET_NAME)";
				SWIFT_VERSION = 4.0;
				TARGETED_DEVICE_FAMILY = "1,2";
				TEST_HOST = "$(BUILT_PRODUCTS_DIR)/Partner.app/Partner";
			};
			name = Debug;
		};
		D378FEC81FF0D21600065EEC /* Release */ = {
			isa = XCBuildConfiguration;
			baseConfigurationReference = 9032E3D99C1574E7CE07F113 /* Pods-PartnerTests.release.xcconfig */;
			buildSettings = {
				ALWAYS_EMBED_SWIFT_STANDARD_LIBRARIES = YES;
				BUNDLE_LOADER = "$(TEST_HOST)";
				CODE_SIGN_STYLE = Automatic;
				DEVELOPMENT_TEAM = 4UXX38SJ8T;
				INFOPLIST_FILE = PartnerTests/Info.plist;
				LD_RUNPATH_SEARCH_PATHS = "$(inherited) @executable_path/Frameworks @loader_path/Frameworks";
				PRODUCT_BUNDLE_IDENTIFIER = com.NJQL.PartnerTests;
				PRODUCT_NAME = "$(TARGET_NAME)";
				SWIFT_VERSION = 4.0;
				TARGETED_DEVICE_FAMILY = "1,2";
				TEST_HOST = "$(BUILT_PRODUCTS_DIR)/Partner.app/Partner";
			};
			name = Release;
		};
		D378FECA1FF0D21600065EEC /* Debug */ = {
			isa = XCBuildConfiguration;
			baseConfigurationReference = E46FEA25ACD4641F4CCFD97B /* Pods-PartnerUITests.debug.xcconfig */;
			buildSettings = {
				ALWAYS_EMBED_SWIFT_STANDARD_LIBRARIES = YES;
				CODE_SIGN_STYLE = Automatic;
				DEVELOPMENT_TEAM = 4UXX38SJ8T;
				INFOPLIST_FILE = PartnerUITests/Info.plist;
				LD_RUNPATH_SEARCH_PATHS = "$(inherited) @executable_path/Frameworks @loader_path/Frameworks";
				PRODUCT_BUNDLE_IDENTIFIER = com.NJQL.PartnerUITests;
				PRODUCT_NAME = "$(TARGET_NAME)";
				SWIFT_VERSION = 4.0;
				TARGETED_DEVICE_FAMILY = "1,2";
				TEST_TARGET_NAME = Partner;
			};
			name = Debug;
		};
		D378FECB1FF0D21600065EEC /* Release */ = {
			isa = XCBuildConfiguration;
			baseConfigurationReference = 4244745640517A4639E1AAAB /* Pods-PartnerUITests.release.xcconfig */;
			buildSettings = {
				ALWAYS_EMBED_SWIFT_STANDARD_LIBRARIES = YES;
				CODE_SIGN_STYLE = Automatic;
				DEVELOPMENT_TEAM = 4UXX38SJ8T;
				INFOPLIST_FILE = PartnerUITests/Info.plist;
				LD_RUNPATH_SEARCH_PATHS = "$(inherited) @executable_path/Frameworks @loader_path/Frameworks";
				PRODUCT_BUNDLE_IDENTIFIER = com.NJQL.PartnerUITests;
				PRODUCT_NAME = "$(TARGET_NAME)";
				SWIFT_VERSION = 4.0;
				TARGETED_DEVICE_FAMILY = "1,2";
				TEST_TARGET_NAME = Partner;
			};
			name = Release;
		};
/* End XCBuildConfiguration section */

/* Begin XCConfigurationList section */
		D378FE961FF0D21600065EEC /* Build configuration list for PBXProject "Partner" */ = {
			isa = XCConfigurationList;
			buildConfigurations = (
				D378FEC11FF0D21600065EEC /* Debug */,
				D378FEC21FF0D21600065EEC /* Release */,
			);
			defaultConfigurationIsVisible = 0;
			defaultConfigurationName = Release;
		};
		D378FEC31FF0D21600065EEC /* Build configuration list for PBXNativeTarget "Partner" */ = {
			isa = XCConfigurationList;
			buildConfigurations = (
				D378FEC41FF0D21600065EEC /* Debug */,
				D378FEC51FF0D21600065EEC /* Release */,
			);
			defaultConfigurationIsVisible = 0;
			defaultConfigurationName = Release;
		};
		D378FEC61FF0D21600065EEC /* Build configuration list for PBXNativeTarget "PartnerTests" */ = {
			isa = XCConfigurationList;
			buildConfigurations = (
				D378FEC71FF0D21600065EEC /* Debug */,
				D378FEC81FF0D21600065EEC /* Release */,
			);
			defaultConfigurationIsVisible = 0;
			defaultConfigurationName = Release;
		};
		D378FEC91FF0D21600065EEC /* Build configuration list for PBXNativeTarget "PartnerUITests" */ = {
			isa = XCConfigurationList;
			buildConfigurations = (
				D378FECA1FF0D21600065EEC /* Debug */,
				D378FECB1FF0D21600065EEC /* Release */,
			);
			defaultConfigurationIsVisible = 0;
			defaultConfigurationName = Release;
		};
/* End XCConfigurationList section */
	};
	rootObject = D378FE931FF0D21600065EEC /* Project object */;
}
